PODS:
  - BigInt (3.1.0):
    - SipHash (~> 1.2)
  - CryptoSwift (0.7.2)
  - MnemonicKit (1.1.0):
    - CryptoSwift (= 0.7.2)
  - SipHash (1.2.2)
  - Sodium (0.7.0)
  - TezosKit (0.0.1):
    - BigInt (~> 3.1)
    - MnemonicKit
    - Sodium (~> 0.7.0)

DEPENDENCIES:
  - TezosKit (from `https://github.com/keefertaylor/TezosKit.git`)

SPEC REPOS:
  https://github.com/cocoapods/specs.git:
    - BigInt
    - CryptoSwift
    - MnemonicKit
    - SipHash
    - Sodium

EXTERNAL SOURCES:
  TezosKit:
    :git: https://github.com/keefertaylor/TezosKit.git

CHECKOUT OPTIONS:
  TezosKit:
    :commit: 568d48e3384f055916839b0fb96eb0b44970bf8a
    :git: https://github.com/keefertaylor/TezosKit.git

SPEC CHECKSUMS:
  BigInt: 76b5dfdfa3e2e478d4ffdf161aeede5502e2742f
  CryptoSwift: cd2158be2bf639aabc63ec804707c7137c90157c
  MnemonicKit: 20ef05019246d0c1d6fcf97d757281446ce49761
  SipHash: fad90a4683e420c52ef28063063dbbce248ea6d4
  Sodium: c5510cc6f5e1b27858e5f260b5cac80d4a3f9379
  TezosKit: 0cbc35d2860c896527db722160c4a91dc68967e9

PODFILE CHECKSUM: fda86bf0b8bc246ca52579fa03bdef938ff5d2a3

COCOAPODS: 1.6.0.beta.2
