// !$*UTF8*$!
{
	archiveVersion = 1;
	classes = {
	};
	objectVersion = 50;
	objects = {

/* Begin PBXBuildFile section */
		565E88F7FCAF403DA1415625 /* Pods_TezosKit.framework in Frameworks */ = {isa = PBXBuildFile; fileRef = AD462AF223A5CD5683C948D9 /* Pods_TezosKit.framework */; };
		772E4E6C2190DA4D002A44A3 /* KeysTests.swift in Sources */ = {isa = PBXBuildFile; fileRef = 772E4E6B2190DA4D002A44A3 /* KeysTests.swift */; };
		772E4E6E21912778002A44A3 /* OriginateAccountOperation.swift in Sources */ = {isa = PBXBuildFile; fileRef = 772E4E6D21912778002A44A3 /* OriginateAccountOperation.swift */; };
		772E4E702191351C002A44A3 /* OriginateAccountOperation.swift in Sources */ = {isa = PBXBuildFile; fileRef = 772E4E6F2191351C002A44A3 /* OriginateAccountOperation.swift */; };
		772E4E802199118F002A44A3 /* UndelegateOperation.swift in Sources */ = {isa = PBXBuildFile; fileRef = 772E4E7F2199118F002A44A3 /* UndelegateOperation.swift */; };
		772E4E82219911DA002A44A3 /* UndelegateOperation.swift in Sources */ = {isa = PBXBuildFile; fileRef = 772E4E81219911DA002A44A3 /* UndelegateOperation.swift */; };
		772E4E8D21AC9ECB002A44A3 /* GetBallotsRPC.swift in Sources */ = {isa = PBXBuildFile; fileRef = 772E4E8C21AC9ECB002A44A3 /* GetBallotsRPC.swift */; };
		772E4E8F21AC9F52002A44A3 /* GetBallotsListRPC.swift in Sources */ = {isa = PBXBuildFile; fileRef = 772E4E8E21AC9F52002A44A3 /* GetBallotsListRPC.swift */; };
		772E4E9121AC9F95002A44A3 /* GetCurrentPeriodKindRPC.swift in Sources */ = {isa = PBXBuildFile; fileRef = 772E4E9021AC9F95002A44A3 /* GetCurrentPeriodKindRPC.swift */; };
		772E4E9321ACA03A002A44A3 /* GetExpectedQuorumRPC.swift in Sources */ = {isa = PBXBuildFile; fileRef = 772E4E9221ACA03A002A44A3 /* GetExpectedQuorumRPC.swift */; };
		772E4E9521ACA1DA002A44A3 /* GetVotingDelegateRightsRPC.swift in Sources */ = {isa = PBXBuildFile; fileRef = 772E4E9421ACA1DA002A44A3 /* GetVotingDelegateRightsRPC.swift */; };
		772E4E9721ACA2E2002A44A3 /* GetProposalsListRPC.swift in Sources */ = {isa = PBXBuildFile; fileRef = 772E4E9621ACA2E2002A44A3 /* GetProposalsListRPC.swift */; };
		772E4E9921ACA384002A44A3 /* GetProposalUnderEvaluationRPC.swift in Sources */ = {isa = PBXBuildFile; fileRef = 772E4E9821ACA384002A44A3 /* GetProposalUnderEvaluationRPC.swift */; };
		775137F321ACE6970054D05E /* GetBallotsListRPCTest.swift in Sources */ = {isa = PBXBuildFile; fileRef = 775137F221ACE6970054D05E /* GetBallotsListRPCTest.swift */; };
		775137F521ACE6A20054D05E /* GetBallotsRPCTest.swift in Sources */ = {isa = PBXBuildFile; fileRef = 775137F421ACE6A20054D05E /* GetBallotsRPCTest.swift */; };
		775137F721ACE6AB0054D05E /* GetCurrentPeriodKindRPCTest.swift in Sources */ = {isa = PBXBuildFile; fileRef = 775137F621ACE6AB0054D05E /* GetCurrentPeriodKindRPCTest.swift */; };
		775137F921ACE6B90054D05E /* GetExpectedQuorumRPCTest.swift in Sources */ = {isa = PBXBuildFile; fileRef = 775137F821ACE6B90054D05E /* GetExpectedQuorumRPCTest.swift */; };
		775137FB21ACE6C90054D05E /* GetProposalUnderEvaluationRPCTest.swift in Sources */ = {isa = PBXBuildFile; fileRef = 775137FA21ACE6C90054D05E /* GetProposalUnderEvaluationRPCTest.swift */; };
		775137FD21ACE6D40054D05E /* GetProposalsListRPCTest.swift in Sources */ = {isa = PBXBuildFile; fileRef = 775137FC21ACE6D40054D05E /* GetProposalsListRPCTest.swift */; };
		775137FF21ACE6DE0054D05E /* GetVotingDelegateRightsRPCTest.swift in Sources */ = {isa = PBXBuildFile; fileRef = 775137FE21ACE6DE0054D05E /* GetVotingDelegateRightsRPCTest.swift */; };
		7751380121ADCA900054D05E /* PeriodKind.swift in Sources */ = {isa = PBXBuildFile; fileRef = 7751380021ADCA900054D05E /* PeriodKind.swift */; };
		7751380321ADCB850054D05E /* PeriodKindResponseAdapter.swift in Sources */ = {isa = PBXBuildFile; fileRef = 7751380221ADCB850054D05E /* PeriodKindResponseAdapter.swift */; };
		7751380921ADD28C0054D05E /* PeriodKindResponseAdapterTest.swift in Sources */ = {isa = PBXBuildFile; fileRef = 7751380821ADD28C0054D05E /* PeriodKindResponseAdapterTest.swift */; };
		77FE004A21B9E668009C3CD1 /* OperationFees.swift in Sources */ = {isa = PBXBuildFile; fileRef = 77FE004921B9E668009C3CD1 /* OperationFees.swift */; };
		77FE004421B899DD009C3CD1 /* GetAddressCodeRPC.swift in Sources */ = {isa = PBXBuildFile; fileRef = 77FE004321B899DD009C3CD1 /* GetAddressCodeRPC.swift */; };
		77FE004621B8BCC5009C3CD1 /* ContractCode.swift in Sources */ = {isa = PBXBuildFile; fileRef = 77FE004521B8BCC5009C3CD1 /* ContractCode.swift */; };
		77FE004821B9D07B009C3CD1 /* ContractCodeResponseAdapter.swift in Sources */ = {isa = PBXBuildFile; fileRef = 77FE004721B9D07B009C3CD1 /* ContractCodeResponseAdapter.swift */; };
		7A1E2ED0217671B20073C080 /* KeyPair.swift in Sources */ = {isa = PBXBuildFile; fileRef = 7A1E2ECF217671B20073C080 /* KeyPair.swift */; };
		7A1E2ED4217673FE0073C080 /* Wallet.swift in Sources */ = {isa = PBXBuildFile; fileRef = 7A1E2ED3217673FD0073C080 /* Wallet.swift */; };
		7A1E2EDC2176B3F40073C080 /* Operation.swift in Sources */ = {isa = PBXBuildFile; fileRef = 7A1E2EDB2176B3F40073C080 /* Operation.swift */; };
		7A53BF1B217CF35700BA15D1 /* OperationMetadata.swift in Sources */ = {isa = PBXBuildFile; fileRef = 7A53BF1A217CF35700BA15D1 /* OperationMetadata.swift */; };
		7A53BF6A217D295400BA15D1 /* RevealOperation.swift in Sources */ = {isa = PBXBuildFile; fileRef = 7A53BF69217D295300BA15D1 /* RevealOperation.swift */; };
		7AA8F35A2160158000C05895 /* AppDelegate.swift in Sources */ = {isa = PBXBuildFile; fileRef = 7AA8F3592160158000C05895 /* AppDelegate.swift */; };
		7AA8F35F2160158000C05895 /* Main.storyboard in Resources */ = {isa = PBXBuildFile; fileRef = 7AA8F35D2160158000C05895 /* Main.storyboard */; };
		7AA8F3612160158100C05895 /* Assets.xcassets in Resources */ = {isa = PBXBuildFile; fileRef = 7AA8F3602160158100C05895 /* Assets.xcassets */; };
		7AA8F3642160158100C05895 /* LaunchScreen.storyboard in Resources */ = {isa = PBXBuildFile; fileRef = 7AA8F3622160158100C05895 /* LaunchScreen.storyboard */; };
		7AA8F36C216015A300C05895 /* TezosClient.swift in Sources */ = {isa = PBXBuildFile; fileRef = 7AA8F36B216015A300C05895 /* TezosClient.swift */; };
		7AA8F36E2160211800C05895 /* TezosClientError.swift in Sources */ = {isa = PBXBuildFile; fileRef = 7AA8F36D2160211800C05895 /* TezosClientError.swift */; };
		7AA957D4217B8C1000865D55 /* TezosBalance.swift in Sources */ = {isa = PBXBuildFile; fileRef = 7AA957D3217B8C1000865D55 /* TezosBalance.swift */; };
		7AA9580F217CB3A400865D55 /* GetChainHeadHashRPC.swift in Sources */ = {isa = PBXBuildFile; fileRef = 7AA95807217CB3A300865D55 /* GetChainHeadHashRPC.swift */; };
		7AA95810217CB3A400865D55 /* GetChainHeadRPC.swift in Sources */ = {isa = PBXBuildFile; fileRef = 7AA95808217CB3A300865D55 /* GetChainHeadRPC.swift */; };
		7AA95811217CB3A400865D55 /* GetAddressBalanceRPC.swift in Sources */ = {isa = PBXBuildFile; fileRef = 7AA95809217CB3A300865D55 /* GetAddressBalanceRPC.swift */; };
		7AA95812217CB3A400865D55 /* ForgeOperationRPC.swift in Sources */ = {isa = PBXBuildFile; fileRef = 7AA9580A217CB3A300865D55 /* ForgeOperationRPC.swift */; };
		7AA95813217CB3A400865D55 /* GetAddressManagerKeyRPC.swift in Sources */ = {isa = PBXBuildFile; fileRef = 7AA9580B217CB3A300865D55 /* GetAddressManagerKeyRPC.swift */; };
		7AA95814217CB3A400865D55 /* TezosRPC.swift in Sources */ = {isa = PBXBuildFile; fileRef = 7AA9580C217CB3A300865D55 /* TezosRPC.swift */; };
		7AA95815217CB3A400865D55 /* GetAddressCounterRPC.swift in Sources */ = {isa = PBXBuildFile; fileRef = 7AA9580D217CB3A400865D55 /* GetAddressCounterRPC.swift */; };
		7AA95816217CB3A400865D55 /* GetAddressDelegateRPC.swift in Sources */ = {isa = PBXBuildFile; fileRef = 7AA9580E217CB3A400865D55 /* GetAddressDelegateRPC.swift */; };
		7AA9581B217CB3EF00865D55 /* PreapplyOperationRPC.swift in Sources */ = {isa = PBXBuildFile; fileRef = 7AA95819217CB3EF00865D55 /* PreapplyOperationRPC.swift */; };
		7AA9581C217CB3EF00865D55 /* InjectOperationRPC.swift in Sources */ = {isa = PBXBuildFile; fileRef = 7AA9581A217CB3EF00865D55 /* InjectOperationRPC.swift */; };
		7AA95824217CB53700865D55 /* ResponseAdapter.swift in Sources */ = {isa = PBXBuildFile; fileRef = 7AA9581E217CB53600865D55 /* ResponseAdapter.swift */; };
		7AA95825217CB53700865D55 /* TezosBalanceResponseAdapter.swift in Sources */ = {isa = PBXBuildFile; fileRef = 7AA9581F217CB53600865D55 /* TezosBalanceResponseAdapter.swift */; };
		7AA95826217CB53700865D55 /* JSONArrayResponseAdapter.swift in Sources */ = {isa = PBXBuildFile; fileRef = 7AA95820217CB53600865D55 /* JSONArrayResponseAdapter.swift */; };
		7AA95827217CB53700865D55 /* StringResponseAdapter.swift in Sources */ = {isa = PBXBuildFile; fileRef = 7AA95821217CB53600865D55 /* StringResponseAdapter.swift */; };
		7AA95828217CB53700865D55 /* AbstractResponseAdapter.swift in Sources */ = {isa = PBXBuildFile; fileRef = 7AA95822217CB53600865D55 /* AbstractResponseAdapter.swift */; };
		7AA95829217CB53700865D55 /* JSONDictionaryResponseAdapter.swift in Sources */ = {isa = PBXBuildFile; fileRef = 7AA95823217CB53600865D55 /* JSONDictionaryResponseAdapter.swift */; };
		7AA9582D217CB6F700865D55 /* Crypto.swift in Sources */ = {isa = PBXBuildFile; fileRef = 7AA9582A217CB6F700865D55 /* Crypto.swift */; };
		7AA9582E217CB6F700865D55 /* JSONUtils.swift in Sources */ = {isa = PBXBuildFile; fileRef = 7AA9582B217CB6F700865D55 /* JSONUtils.swift */; };
		7AA9582F217CB6F700865D55 /* MnemonicUtil.swift in Sources */ = {isa = PBXBuildFile; fileRef = 7AA9582C217CB6F700865D55 /* MnemonicUtil.swift */; };
		7AA95835217CB80A00865D55 /* AbstractOperation.swift in Sources */ = {isa = PBXBuildFile; fileRef = 7AA95831217CB80A00865D55 /* AbstractOperation.swift */; };
		7AA95836217CB80A00865D55 /* TransactionOperation.swift in Sources */ = {isa = PBXBuildFile; fileRef = 7AA95832217CB80A00865D55 /* TransactionOperation.swift */; };
		7AA95837217CB80A00865D55 /* DelegationOperation.swift in Sources */ = {isa = PBXBuildFile; fileRef = 7AA95833217CB80A00865D55 /* DelegationOperation.swift */; };
		7AA95838217CB80A00865D55 /* OperationKind.swift in Sources */ = {isa = PBXBuildFile; fileRef = 7AA95834217CB80A00865D55 /* OperationKind.swift */; };
		7AA95841217CC56F00865D55 /* IntegerResponseAdapter.swift in Sources */ = {isa = PBXBuildFile; fileRef = 7AA95840217CC56F00865D55 /* IntegerResponseAdapter.swift */; };
		7ABC8543217D6B91006DE8FD /* Keys.swift in Sources */ = {isa = PBXBuildFile; fileRef = 7ABC8542217D6B90006DE8FD /* Keys.swift */; };
		7ABC8547217E73E1006DE8FD /* RegisterDelegateOperation.swift in Sources */ = {isa = PBXBuildFile; fileRef = 7ABC8546217E73E1006DE8FD /* RegisterDelegateOperation.swift */; };
		7ABC854B217EA4AE006DE8FD /* OperationSigningResult.swift in Sources */ = {isa = PBXBuildFile; fileRef = 7ABC854A217EA4AE006DE8FD /* OperationSigningResult.swift */; };
		7ABC854E2181348E006DE8FD /* Base58String.swift in Sources */ = {isa = PBXBuildFile; fileRef = 7ABC854D2181348D006DE8FD /* Base58String.swift */; };
		7ABC856C21824D6C006DE8FD /* JSONUtilsTest.swift in Sources */ = {isa = PBXBuildFile; fileRef = 7ABC856B21824D6C006DE8FD /* JSONUtilsTest.swift */; };
		7ABC856E2182655E006DE8FD /* MnemonicUtilsTest.swift in Sources */ = {isa = PBXBuildFile; fileRef = 7ABC856D2182655E006DE8FD /* MnemonicUtilsTest.swift */; };
		7ABC857E21826C71006DE8FD /* WalletTests.swift in Sources */ = {isa = PBXBuildFile; fileRef = 7ABC857D21826C71006DE8FD /* WalletTests.swift */; };
		7ABC85802182A072006DE8FD /* TezosBalanceTest.swift in Sources */ = {isa = PBXBuildFile; fileRef = 7ABC857F2182A072006DE8FD /* TezosBalanceTest.swift */; };
		7ABC85822182A595006DE8FD /* CryptoTests.swift in Sources */ = {isa = PBXBuildFile; fileRef = 7ABC85812182A595006DE8FD /* CryptoTests.swift */; };
		7ABC85842182AE86006DE8FD /* AbstractOperationTest.swift in Sources */ = {isa = PBXBuildFile; fileRef = 7ABC85832182AE86006DE8FD /* AbstractOperationTest.swift */; };
		7ABC85862182B08B006DE8FD /* DelegationOperationTest.swift in Sources */ = {isa = PBXBuildFile; fileRef = 7ABC85852182B08B006DE8FD /* DelegationOperationTest.swift */; };
		7ABC85882183834D006DE8FD /* RegisterDelegateOperationTest.swift in Sources */ = {isa = PBXBuildFile; fileRef = 7ABC85872183834D006DE8FD /* RegisterDelegateOperationTest.swift */; };
		7ABC858A218383F4006DE8FD /* RevealOperationTest.swift in Sources */ = {isa = PBXBuildFile; fileRef = 7ABC8589218383F4006DE8FD /* RevealOperationTest.swift */; };
		7ABC858C21838522006DE8FD /* TransactionOperationTest.swift in Sources */ = {isa = PBXBuildFile; fileRef = 7ABC858B21838522006DE8FD /* TransactionOperationTest.swift */; };
		7ABC85902183875C006DE8FD /* StringResponseAdapterTest.swift in Sources */ = {isa = PBXBuildFile; fileRef = 7ABC858F2183875C006DE8FD /* StringResponseAdapterTest.swift */; };
		7ABC85922183899B006DE8FD /* TezosBalanceResponseAdapterTest.swift in Sources */ = {isa = PBXBuildFile; fileRef = 7ABC85912183899B006DE8FD /* TezosBalanceResponseAdapterTest.swift */; };
		7ABC859421838D6D006DE8FD /* IntegerResponseAdapterTest.swift in Sources */ = {isa = PBXBuildFile; fileRef = 7ABC859321838D6D006DE8FD /* IntegerResponseAdapterTest.swift */; };
		7ABC859621839171006DE8FD /* TezosClientErrorCodesTest.swift in Sources */ = {isa = PBXBuildFile; fileRef = 7ABC859521839171006DE8FD /* TezosClientErrorCodesTest.swift */; };
		7ABC859821839465006DE8FD /* JSONDictionaryResponseAdapterTest.swift in Sources */ = {isa = PBXBuildFile; fileRef = 7ABC859721839465006DE8FD /* JSONDictionaryResponseAdapterTest.swift */; };
		7ABC859A2183961E006DE8FD /* JSONArrayResponseAdapterTest.swift in Sources */ = {isa = PBXBuildFile; fileRef = 7ABC85992183961D006DE8FD /* JSONArrayResponseAdapterTest.swift */; };
		7ABC859C2183973F006DE8FD /* TezosRPCTest.swift in Sources */ = {isa = PBXBuildFile; fileRef = 7ABC859B2183973F006DE8FD /* TezosRPCTest.swift */; };
		7ABC859E21839C53006DE8FD /* InjectOperationRPCTest.swift in Sources */ = {isa = PBXBuildFile; fileRef = 7ABC859D21839C53006DE8FD /* InjectOperationRPCTest.swift */; };
		7ABC85A021839D32006DE8FD /* PreapplyOperationRPCTest.swift in Sources */ = {isa = PBXBuildFile; fileRef = 7ABC859F21839D32006DE8FD /* PreapplyOperationRPCTest.swift */; };
		7ABC85A221839DA4006DE8FD /* ForgeOperationRPCTest.swift in Sources */ = {isa = PBXBuildFile; fileRef = 7ABC85A121839DA3006DE8FD /* ForgeOperationRPCTest.swift */; };
		7ABC85A421839E09006DE8FD /* GetAddressBalanceRPCTest.swift in Sources */ = {isa = PBXBuildFile; fileRef = 7ABC85A321839E09006DE8FD /* GetAddressBalanceRPCTest.swift */; };
		7ABC85A621839E76006DE8FD /* GetAddressCounterRPCTest.swift in Sources */ = {isa = PBXBuildFile; fileRef = 7ABC85A521839E76006DE8FD /* GetAddressCounterRPCTest.swift */; };
		7ABC85A821839EA7006DE8FD /* GetDelegateRPCTest.swift in Sources */ = {isa = PBXBuildFile; fileRef = 7ABC85A721839EA7006DE8FD /* GetDelegateRPCTest.swift */; };
		7ABC85AA21839F02006DE8FD /* GetAddressManagerKeyRPCTest.swift in Sources */ = {isa = PBXBuildFile; fileRef = 7ABC85A921839F02006DE8FD /* GetAddressManagerKeyRPCTest.swift */; };
		7ABC85AE21839F6F006DE8FD /* GetChainHeadHashRPCTest.swift in Sources */ = {isa = PBXBuildFile; fileRef = 7ABC85AD21839F6F006DE8FD /* GetChainHeadHashRPCTest.swift */; };
		7ABC85B021839F7D006DE8FD /* GetChainHeadRPCTest.swift in Sources */ = {isa = PBXBuildFile; fileRef = 7ABC85AF21839F7D006DE8FD /* GetChainHeadRPCTest.swift */; };
		E8CEEC8185D40796901B11A4 /* Pods_TezosKitTests.framework in Frameworks */ = {isa = PBXBuildFile; fileRef = 711B3872659EEE9B847690A5 /* Pods_TezosKitTests.framework */; };
/* End PBXBuildFile section */

/* Begin PBXContainerItemProxy section */
		7ABC856621824D58006DE8FD /* PBXContainerItemProxy */ = {
			isa = PBXContainerItemProxy;
			containerPortal = 7AA8F34E2160158000C05895 /* Project object */;
			proxyType = 1;
			remoteGlobalIDString = 7AA8F3552160158000C05895;
			remoteInfo = TezosKit;
		};
/* End PBXContainerItemProxy section */

/* Begin PBXFileReference section */
		017EDEEC626A3CB7D1466B41 /* Pods-TezosKit.release.xcconfig */ = {isa = PBXFileReference; includeInIndex = 1; lastKnownFileType = text.xcconfig; name = "Pods-TezosKit.release.xcconfig"; path = "Pods/Target Support Files/Pods-TezosKit/Pods-TezosKit.release.xcconfig"; sourceTree = "<group>"; };
		633241BA0820D6F7BA4CA23E /* Pods-TezosKit.debug.xcconfig */ = {isa = PBXFileReference; includeInIndex = 1; lastKnownFileType = text.xcconfig; name = "Pods-TezosKit.debug.xcconfig"; path = "Pods/Target Support Files/Pods-TezosKit/Pods-TezosKit.debug.xcconfig"; sourceTree = "<group>"; };
		711B3872659EEE9B847690A5 /* Pods_TezosKitTests.framework */ = {isa = PBXFileReference; explicitFileType = wrapper.framework; includeInIndex = 0; path = Pods_TezosKitTests.framework; sourceTree = BUILT_PRODUCTS_DIR; };
		75D48894E33C2934F3738C60 /* Pods-TezosKitTests.debug.xcconfig */ = {isa = PBXFileReference; includeInIndex = 1; lastKnownFileType = text.xcconfig; name = "Pods-TezosKitTests.debug.xcconfig"; path = "Pods/Target Support Files/Pods-TezosKitTests/Pods-TezosKitTests.debug.xcconfig"; sourceTree = "<group>"; };
		772E4E6B2190DA4D002A44A3 /* KeysTests.swift */ = {isa = PBXFileReference; lastKnownFileType = sourcecode.swift; path = KeysTests.swift; sourceTree = "<group>"; };
		772E4E6D21912778002A44A3 /* OriginateAccountOperation.swift */ = {isa = PBXFileReference; lastKnownFileType = sourcecode.swift; path = OriginateAccountOperation.swift; sourceTree = "<group>"; };
		772E4E6F2191351C002A44A3 /* OriginateAccountOperation.swift */ = {isa = PBXFileReference; lastKnownFileType = sourcecode.swift; path = OriginateAccountOperation.swift; sourceTree = "<group>"; };
		772E4E7F2199118F002A44A3 /* UndelegateOperation.swift */ = {isa = PBXFileReference; lastKnownFileType = sourcecode.swift; path = UndelegateOperation.swift; sourceTree = "<group>"; };
		772E4E81219911DA002A44A3 /* UndelegateOperation.swift */ = {isa = PBXFileReference; lastKnownFileType = sourcecode.swift; path = UndelegateOperation.swift; sourceTree = "<group>"; };
		772E4E8C21AC9ECB002A44A3 /* GetBallotsRPC.swift */ = {isa = PBXFileReference; lastKnownFileType = sourcecode.swift; path = GetBallotsRPC.swift; sourceTree = "<group>"; };
		772E4E8E21AC9F52002A44A3 /* GetBallotsListRPC.swift */ = {isa = PBXFileReference; lastKnownFileType = sourcecode.swift; path = GetBallotsListRPC.swift; sourceTree = "<group>"; };
		772E4E9021AC9F95002A44A3 /* GetCurrentPeriodKindRPC.swift */ = {isa = PBXFileReference; lastKnownFileType = sourcecode.swift; path = GetCurrentPeriodKindRPC.swift; sourceTree = "<group>"; };
		772E4E9221ACA03A002A44A3 /* GetExpectedQuorumRPC.swift */ = {isa = PBXFileReference; lastKnownFileType = sourcecode.swift; path = GetExpectedQuorumRPC.swift; sourceTree = "<group>"; };
		772E4E9421ACA1DA002A44A3 /* GetVotingDelegateRightsRPC.swift */ = {isa = PBXFileReference; lastKnownFileType = sourcecode.swift; path = GetVotingDelegateRightsRPC.swift; sourceTree = "<group>"; };
		772E4E9621ACA2E2002A44A3 /* GetProposalsListRPC.swift */ = {isa = PBXFileReference; lastKnownFileType = sourcecode.swift; path = GetProposalsListRPC.swift; sourceTree = "<group>"; };
		772E4E9821ACA384002A44A3 /* GetProposalUnderEvaluationRPC.swift */ = {isa = PBXFileReference; lastKnownFileType = sourcecode.swift; path = GetProposalUnderEvaluationRPC.swift; sourceTree = "<group>"; };
		775137F221ACE6970054D05E /* GetBallotsListRPCTest.swift */ = {isa = PBXFileReference; lastKnownFileType = sourcecode.swift; path = GetBallotsListRPCTest.swift; sourceTree = "<group>"; };
		775137F421ACE6A20054D05E /* GetBallotsRPCTest.swift */ = {isa = PBXFileReference; lastKnownFileType = sourcecode.swift; path = GetBallotsRPCTest.swift; sourceTree = "<group>"; };
		775137F621ACE6AB0054D05E /* GetCurrentPeriodKindRPCTest.swift */ = {isa = PBXFileReference; lastKnownFileType = sourcecode.swift; path = GetCurrentPeriodKindRPCTest.swift; sourceTree = "<group>"; };
		775137F821ACE6B90054D05E /* GetExpectedQuorumRPCTest.swift */ = {isa = PBXFileReference; lastKnownFileType = sourcecode.swift; path = GetExpectedQuorumRPCTest.swift; sourceTree = "<group>"; };
		775137FA21ACE6C90054D05E /* GetProposalUnderEvaluationRPCTest.swift */ = {isa = PBXFileReference; lastKnownFileType = sourcecode.swift; path = GetProposalUnderEvaluationRPCTest.swift; sourceTree = "<group>"; };
		775137FC21ACE6D40054D05E /* GetProposalsListRPCTest.swift */ = {isa = PBXFileReference; lastKnownFileType = sourcecode.swift; path = GetProposalsListRPCTest.swift; sourceTree = "<group>"; };
		775137FE21ACE6DE0054D05E /* GetVotingDelegateRightsRPCTest.swift */ = {isa = PBXFileReference; lastKnownFileType = sourcecode.swift; path = GetVotingDelegateRightsRPCTest.swift; sourceTree = "<group>"; };
		7751380021ADCA900054D05E /* PeriodKind.swift */ = {isa = PBXFileReference; lastKnownFileType = sourcecode.swift; path = PeriodKind.swift; sourceTree = "<group>"; };
		7751380221ADCB850054D05E /* PeriodKindResponseAdapter.swift */ = {isa = PBXFileReference; lastKnownFileType = sourcecode.swift; path = PeriodKindResponseAdapter.swift; sourceTree = "<group>"; };
		7751380821ADD28C0054D05E /* PeriodKindResponseAdapterTest.swift */ = {isa = PBXFileReference; lastKnownFileType = sourcecode.swift; path = PeriodKindResponseAdapterTest.swift; sourceTree = "<group>"; };
		77FE004921B9E668009C3CD1 /* OperationFees.swift */ = {isa = PBXFileReference; lastKnownFileType = sourcecode.swift; path = OperationFees.swift; sourceTree = "<group>"; };
		77FE004321B899DD009C3CD1 /* GetAddressCodeRPC.swift */ = {isa = PBXFileReference; lastKnownFileType = sourcecode.swift; path = GetAddressCodeRPC.swift; sourceTree = "<group>"; };
		77FE004521B8BCC5009C3CD1 /* ContractCode.swift */ = {isa = PBXFileReference; lastKnownFileType = sourcecode.swift; path = ContractCode.swift; sourceTree = "<group>"; };
		77FE004721B9D07B009C3CD1 /* ContractCodeResponseAdapter.swift */ = {isa = PBXFileReference; lastKnownFileType = sourcecode.swift; path = ContractCodeResponseAdapter.swift; sourceTree = "<group>"; };
		7A1E2ECF217671B20073C080 /* KeyPair.swift */ = {isa = PBXFileReference; lastKnownFileType = sourcecode.swift; path = KeyPair.swift; sourceTree = "<group>"; };
		7A1E2ED3217673FD0073C080 /* Wallet.swift */ = {isa = PBXFileReference; fileEncoding = 4; lastKnownFileType = sourcecode.swift; path = Wallet.swift; sourceTree = "<group>"; };
		7A1E2EDB2176B3F40073C080 /* Operation.swift */ = {isa = PBXFileReference; fileEncoding = 4; lastKnownFileType = sourcecode.swift; path = Operation.swift; sourceTree = "<group>"; };
		7A53BF1A217CF35700BA15D1 /* OperationMetadata.swift */ = {isa = PBXFileReference; fileEncoding = 4; lastKnownFileType = sourcecode.swift; path = OperationMetadata.swift; sourceTree = "<group>"; };
		7A53BF69217D295300BA15D1 /* RevealOperation.swift */ = {isa = PBXFileReference; fileEncoding = 4; lastKnownFileType = sourcecode.swift; path = RevealOperation.swift; sourceTree = "<group>"; };
		7AA8F3562160158000C05895 /* TezosKit.app */ = {isa = PBXFileReference; explicitFileType = wrapper.application; includeInIndex = 0; path = TezosKit.app; sourceTree = BUILT_PRODUCTS_DIR; };
		7AA8F3592160158000C05895 /* AppDelegate.swift */ = {isa = PBXFileReference; lastKnownFileType = sourcecode.swift; path = AppDelegate.swift; sourceTree = "<group>"; };
		7AA8F35E2160158000C05895 /* Base */ = {isa = PBXFileReference; lastKnownFileType = file.storyboard; name = Base; path = Base.lproj/Main.storyboard; sourceTree = "<group>"; };
		7AA8F3602160158100C05895 /* Assets.xcassets */ = {isa = PBXFileReference; lastKnownFileType = folder.assetcatalog; path = Assets.xcassets; sourceTree = "<group>"; };
		7AA8F3632160158100C05895 /* Base */ = {isa = PBXFileReference; lastKnownFileType = file.storyboard; name = Base; path = Base.lproj/LaunchScreen.storyboard; sourceTree = "<group>"; };
		7AA8F3652160158100C05895 /* Info.plist */ = {isa = PBXFileReference; lastKnownFileType = text.plist.xml; path = Info.plist; sourceTree = "<group>"; };
		7AA8F36B216015A300C05895 /* TezosClient.swift */ = {isa = PBXFileReference; lastKnownFileType = sourcecode.swift; path = TezosClient.swift; sourceTree = "<group>"; };
		7AA8F36D2160211800C05895 /* TezosClientError.swift */ = {isa = PBXFileReference; lastKnownFileType = sourcecode.swift; path = TezosClientError.swift; sourceTree = "<group>"; };
		7AA957D3217B8C1000865D55 /* TezosBalance.swift */ = {isa = PBXFileReference; fileEncoding = 4; lastKnownFileType = sourcecode.swift; path = TezosBalance.swift; sourceTree = "<group>"; };
		7AA95807217CB3A300865D55 /* GetChainHeadHashRPC.swift */ = {isa = PBXFileReference; fileEncoding = 4; lastKnownFileType = sourcecode.swift; path = GetChainHeadHashRPC.swift; sourceTree = "<group>"; };
		7AA95808217CB3A300865D55 /* GetChainHeadRPC.swift */ = {isa = PBXFileReference; fileEncoding = 4; lastKnownFileType = sourcecode.swift; path = GetChainHeadRPC.swift; sourceTree = "<group>"; };
		7AA95809217CB3A300865D55 /* GetAddressBalanceRPC.swift */ = {isa = PBXFileReference; fileEncoding = 4; lastKnownFileType = sourcecode.swift; path = GetAddressBalanceRPC.swift; sourceTree = "<group>"; };
		7AA9580A217CB3A300865D55 /* ForgeOperationRPC.swift */ = {isa = PBXFileReference; fileEncoding = 4; lastKnownFileType = sourcecode.swift; path = ForgeOperationRPC.swift; sourceTree = "<group>"; };
		7AA9580B217CB3A300865D55 /* GetAddressManagerKeyRPC.swift */ = {isa = PBXFileReference; fileEncoding = 4; lastKnownFileType = sourcecode.swift; path = GetAddressManagerKeyRPC.swift; sourceTree = "<group>"; };
		7AA9580C217CB3A300865D55 /* TezosRPC.swift */ = {isa = PBXFileReference; fileEncoding = 4; lastKnownFileType = sourcecode.swift; path = TezosRPC.swift; sourceTree = "<group>"; };
		7AA9580D217CB3A400865D55 /* GetAddressCounterRPC.swift */ = {isa = PBXFileReference; fileEncoding = 4; lastKnownFileType = sourcecode.swift; path = GetAddressCounterRPC.swift; sourceTree = "<group>"; };
		7AA9580E217CB3A400865D55 /* GetAddressDelegateRPC.swift */ = {isa = PBXFileReference; fileEncoding = 4; lastKnownFileType = sourcecode.swift; path = GetAddressDelegateRPC.swift; sourceTree = "<group>"; };
		7AA95819217CB3EF00865D55 /* PreapplyOperationRPC.swift */ = {isa = PBXFileReference; fileEncoding = 4; lastKnownFileType = sourcecode.swift; path = PreapplyOperationRPC.swift; sourceTree = "<group>"; };
		7AA9581A217CB3EF00865D55 /* InjectOperationRPC.swift */ = {isa = PBXFileReference; fileEncoding = 4; lastKnownFileType = sourcecode.swift; path = InjectOperationRPC.swift; sourceTree = "<group>"; };
		7AA9581E217CB53600865D55 /* ResponseAdapter.swift */ = {isa = PBXFileReference; fileEncoding = 4; lastKnownFileType = sourcecode.swift; path = ResponseAdapter.swift; sourceTree = "<group>"; };
		7AA9581F217CB53600865D55 /* TezosBalanceResponseAdapter.swift */ = {isa = PBXFileReference; fileEncoding = 4; lastKnownFileType = sourcecode.swift; path = TezosBalanceResponseAdapter.swift; sourceTree = "<group>"; };
		7AA95820217CB53600865D55 /* JSONArrayResponseAdapter.swift */ = {isa = PBXFileReference; fileEncoding = 4; lastKnownFileType = sourcecode.swift; path = JSONArrayResponseAdapter.swift; sourceTree = "<group>"; };
		7AA95821217CB53600865D55 /* StringResponseAdapter.swift */ = {isa = PBXFileReference; fileEncoding = 4; lastKnownFileType = sourcecode.swift; path = StringResponseAdapter.swift; sourceTree = "<group>"; };
		7AA95822217CB53600865D55 /* AbstractResponseAdapter.swift */ = {isa = PBXFileReference; fileEncoding = 4; lastKnownFileType = sourcecode.swift; path = AbstractResponseAdapter.swift; sourceTree = "<group>"; };
		7AA95823217CB53600865D55 /* JSONDictionaryResponseAdapter.swift */ = {isa = PBXFileReference; fileEncoding = 4; lastKnownFileType = sourcecode.swift; path = JSONDictionaryResponseAdapter.swift; sourceTree = "<group>"; };
		7AA9582A217CB6F700865D55 /* Crypto.swift */ = {isa = PBXFileReference; fileEncoding = 4; lastKnownFileType = sourcecode.swift; path = Crypto.swift; sourceTree = "<group>"; };
		7AA9582B217CB6F700865D55 /* JSONUtils.swift */ = {isa = PBXFileReference; fileEncoding = 4; lastKnownFileType = sourcecode.swift; path = JSONUtils.swift; sourceTree = "<group>"; };
		7AA9582C217CB6F700865D55 /* MnemonicUtil.swift */ = {isa = PBXFileReference; fileEncoding = 4; lastKnownFileType = sourcecode.swift; path = MnemonicUtil.swift; sourceTree = "<group>"; };
		7AA95831217CB80A00865D55 /* AbstractOperation.swift */ = {isa = PBXFileReference; fileEncoding = 4; lastKnownFileType = sourcecode.swift; path = AbstractOperation.swift; sourceTree = "<group>"; };
		7AA95832217CB80A00865D55 /* TransactionOperation.swift */ = {isa = PBXFileReference; fileEncoding = 4; lastKnownFileType = sourcecode.swift; path = TransactionOperation.swift; sourceTree = "<group>"; };
		7AA95833217CB80A00865D55 /* DelegationOperation.swift */ = {isa = PBXFileReference; fileEncoding = 4; lastKnownFileType = sourcecode.swift; path = DelegationOperation.swift; sourceTree = "<group>"; };
		7AA95834217CB80A00865D55 /* OperationKind.swift */ = {isa = PBXFileReference; fileEncoding = 4; lastKnownFileType = sourcecode.swift; path = OperationKind.swift; sourceTree = "<group>"; };
		7AA95840217CC56F00865D55 /* IntegerResponseAdapter.swift */ = {isa = PBXFileReference; fileEncoding = 4; lastKnownFileType = sourcecode.swift; path = IntegerResponseAdapter.swift; sourceTree = "<group>"; };
		7ABC8542217D6B90006DE8FD /* Keys.swift */ = {isa = PBXFileReference; fileEncoding = 4; lastKnownFileType = sourcecode.swift; path = Keys.swift; sourceTree = "<group>"; };
		7ABC8546217E73E1006DE8FD /* RegisterDelegateOperation.swift */ = {isa = PBXFileReference; fileEncoding = 4; lastKnownFileType = sourcecode.swift; path = RegisterDelegateOperation.swift; sourceTree = "<group>"; };
		7ABC854A217EA4AE006DE8FD /* OperationSigningResult.swift */ = {isa = PBXFileReference; fileEncoding = 4; lastKnownFileType = sourcecode.swift; path = OperationSigningResult.swift; sourceTree = "<group>"; };
		7ABC854D2181348D006DE8FD /* Base58String.swift */ = {isa = PBXFileReference; fileEncoding = 4; lastKnownFileType = sourcecode.swift; name = Base58String.swift; path = Base58String/Base58String.swift; sourceTree = "<group>"; };
		7ABC856121824D58006DE8FD /* TezosKitTests.xctest */ = {isa = PBXFileReference; explicitFileType = wrapper.cfbundle; includeInIndex = 0; path = TezosKitTests.xctest; sourceTree = BUILT_PRODUCTS_DIR; };
		7ABC856521824D58006DE8FD /* Info.plist */ = {isa = PBXFileReference; lastKnownFileType = text.plist.xml; path = Info.plist; sourceTree = "<group>"; };
		7ABC856B21824D6C006DE8FD /* JSONUtilsTest.swift */ = {isa = PBXFileReference; lastKnownFileType = sourcecode.swift; path = JSONUtilsTest.swift; sourceTree = "<group>"; };
		7ABC856D2182655E006DE8FD /* MnemonicUtilsTest.swift */ = {isa = PBXFileReference; lastKnownFileType = sourcecode.swift; path = MnemonicUtilsTest.swift; sourceTree = "<group>"; };
		7ABC857D21826C71006DE8FD /* WalletTests.swift */ = {isa = PBXFileReference; lastKnownFileType = sourcecode.swift; path = WalletTests.swift; sourceTree = "<group>"; };
		7ABC857F2182A072006DE8FD /* TezosBalanceTest.swift */ = {isa = PBXFileReference; lastKnownFileType = sourcecode.swift; path = TezosBalanceTest.swift; sourceTree = "<group>"; };
		7ABC85812182A595006DE8FD /* CryptoTests.swift */ = {isa = PBXFileReference; lastKnownFileType = sourcecode.swift; path = CryptoTests.swift; sourceTree = "<group>"; };
		7ABC85832182AE86006DE8FD /* AbstractOperationTest.swift */ = {isa = PBXFileReference; lastKnownFileType = sourcecode.swift; path = AbstractOperationTest.swift; sourceTree = "<group>"; };
		7ABC85852182B08B006DE8FD /* DelegationOperationTest.swift */ = {isa = PBXFileReference; lastKnownFileType = sourcecode.swift; path = DelegationOperationTest.swift; sourceTree = "<group>"; };
		7ABC85872183834D006DE8FD /* RegisterDelegateOperationTest.swift */ = {isa = PBXFileReference; lastKnownFileType = sourcecode.swift; path = RegisterDelegateOperationTest.swift; sourceTree = "<group>"; };
		7ABC8589218383F4006DE8FD /* RevealOperationTest.swift */ = {isa = PBXFileReference; lastKnownFileType = sourcecode.swift; path = RevealOperationTest.swift; sourceTree = "<group>"; };
		7ABC858B21838522006DE8FD /* TransactionOperationTest.swift */ = {isa = PBXFileReference; lastKnownFileType = sourcecode.swift; path = TransactionOperationTest.swift; sourceTree = "<group>"; };
		7ABC858F2183875C006DE8FD /* StringResponseAdapterTest.swift */ = {isa = PBXFileReference; lastKnownFileType = sourcecode.swift; path = StringResponseAdapterTest.swift; sourceTree = "<group>"; };
		7ABC85912183899B006DE8FD /* TezosBalanceResponseAdapterTest.swift */ = {isa = PBXFileReference; lastKnownFileType = sourcecode.swift; path = TezosBalanceResponseAdapterTest.swift; sourceTree = "<group>"; };
		7ABC859321838D6D006DE8FD /* IntegerResponseAdapterTest.swift */ = {isa = PBXFileReference; lastKnownFileType = sourcecode.swift; path = IntegerResponseAdapterTest.swift; sourceTree = "<group>"; };
		7ABC859521839171006DE8FD /* TezosClientErrorCodesTest.swift */ = {isa = PBXFileReference; lastKnownFileType = sourcecode.swift; path = TezosClientErrorCodesTest.swift; sourceTree = "<group>"; };
		7ABC859721839465006DE8FD /* JSONDictionaryResponseAdapterTest.swift */ = {isa = PBXFileReference; lastKnownFileType = sourcecode.swift; path = JSONDictionaryResponseAdapterTest.swift; sourceTree = "<group>"; };
		7ABC85992183961D006DE8FD /* JSONArrayResponseAdapterTest.swift */ = {isa = PBXFileReference; lastKnownFileType = sourcecode.swift; path = JSONArrayResponseAdapterTest.swift; sourceTree = "<group>"; };
		7ABC859B2183973F006DE8FD /* TezosRPCTest.swift */ = {isa = PBXFileReference; lastKnownFileType = sourcecode.swift; path = TezosRPCTest.swift; sourceTree = "<group>"; };
		7ABC859D21839C53006DE8FD /* InjectOperationRPCTest.swift */ = {isa = PBXFileReference; lastKnownFileType = sourcecode.swift; path = InjectOperationRPCTest.swift; sourceTree = "<group>"; };
		7ABC859F21839D32006DE8FD /* PreapplyOperationRPCTest.swift */ = {isa = PBXFileReference; lastKnownFileType = sourcecode.swift; path = PreapplyOperationRPCTest.swift; sourceTree = "<group>"; };
		7ABC85A121839DA3006DE8FD /* ForgeOperationRPCTest.swift */ = {isa = PBXFileReference; lastKnownFileType = sourcecode.swift; path = ForgeOperationRPCTest.swift; sourceTree = "<group>"; };
		7ABC85A321839E09006DE8FD /* GetAddressBalanceRPCTest.swift */ = {isa = PBXFileReference; lastKnownFileType = sourcecode.swift; path = GetAddressBalanceRPCTest.swift; sourceTree = "<group>"; };
		7ABC85A521839E76006DE8FD /* GetAddressCounterRPCTest.swift */ = {isa = PBXFileReference; lastKnownFileType = sourcecode.swift; path = GetAddressCounterRPCTest.swift; sourceTree = "<group>"; };
		7ABC85A721839EA7006DE8FD /* GetDelegateRPCTest.swift */ = {isa = PBXFileReference; lastKnownFileType = sourcecode.swift; path = GetDelegateRPCTest.swift; sourceTree = "<group>"; };
		7ABC85A921839F02006DE8FD /* GetAddressManagerKeyRPCTest.swift */ = {isa = PBXFileReference; lastKnownFileType = sourcecode.swift; path = GetAddressManagerKeyRPCTest.swift; sourceTree = "<group>"; };
		7ABC85AD21839F6F006DE8FD /* GetChainHeadHashRPCTest.swift */ = {isa = PBXFileReference; lastKnownFileType = sourcecode.swift; path = GetChainHeadHashRPCTest.swift; sourceTree = "<group>"; };
		7ABC85AF21839F7D006DE8FD /* GetChainHeadRPCTest.swift */ = {isa = PBXFileReference; lastKnownFileType = sourcecode.swift; path = GetChainHeadRPCTest.swift; sourceTree = "<group>"; };
		AD462AF223A5CD5683C948D9 /* Pods_TezosKit.framework */ = {isa = PBXFileReference; explicitFileType = wrapper.framework; includeInIndex = 0; path = Pods_TezosKit.framework; sourceTree = BUILT_PRODUCTS_DIR; };
		E18ABC256DB067253D1C0A45 /* Pods-TezosKitTests.release.xcconfig */ = {isa = PBXFileReference; includeInIndex = 1; lastKnownFileType = text.xcconfig; name = "Pods-TezosKitTests.release.xcconfig"; path = "Pods/Target Support Files/Pods-TezosKitTests/Pods-TezosKitTests.release.xcconfig"; sourceTree = "<group>"; };
/* End PBXFileReference section */

/* Begin PBXFrameworksBuildPhase section */
		7AA8F3532160158000C05895 /* Frameworks */ = {
			isa = PBXFrameworksBuildPhase;
			buildActionMask = 2147483647;
			files = (
				565E88F7FCAF403DA1415625 /* Pods_TezosKit.framework in Frameworks */,
			);
			runOnlyForDeploymentPostprocessing = 0;
		};
		7ABC855E21824D58006DE8FD /* Frameworks */ = {
			isa = PBXFrameworksBuildPhase;
			buildActionMask = 2147483647;
			files = (
				E8CEEC8185D40796901B11A4 /* Pods_TezosKitTests.framework in Frameworks */,
			);
			runOnlyForDeploymentPostprocessing = 0;
		};
/* End PBXFrameworksBuildPhase section */

/* Begin PBXGroup section */
		66DCFF36F3CA345FF65DA166 /* Pods */ = {
			isa = PBXGroup;
			children = (
				633241BA0820D6F7BA4CA23E /* Pods-TezosKit.debug.xcconfig */,
				017EDEEC626A3CB7D1466B41 /* Pods-TezosKit.release.xcconfig */,
				75D48894E33C2934F3738C60 /* Pods-TezosKitTests.debug.xcconfig */,
				E18ABC256DB067253D1C0A45 /* Pods-TezosKitTests.release.xcconfig */,
			);
			name = Pods;
			sourceTree = "<group>";
		};
		7AA8F34D2160158000C05895 = {
			isa = PBXGroup;
			children = (
				7ABC854C21813427006DE8FD /* Base58String */,
				7AA95845217CC9F500865D55 /* Tests */,
				7AA8F3582160158000C05895 /* Sources */,
				7ABC856221824D58006DE8FD /* TezosKitTests */,
				7AA8F3572160158000C05895 /* Products */,
				66DCFF36F3CA345FF65DA166 /* Pods */,
				E1B299C2AF182A8A0B52D6BE /* Frameworks */,
			);
			sourceTree = "<group>";
		};
		7AA8F3572160158000C05895 /* Products */ = {
			isa = PBXGroup;
			children = (
				7AA8F3562160158000C05895 /* TezosKit.app */,
				7ABC856121824D58006DE8FD /* TezosKitTests.xctest */,
			);
			name = Products;
			sourceTree = "<group>";
		};
		7AA8F3582160158000C05895 /* Sources */ = {
			isa = PBXGroup;
			children = (
				7AA9583C217CBBEA00865D55 /* App */,
				7AA9583D217CBC7600865D55 /* Client */,
				7AA9583B217CBB1700865D55 /* Cryptography */,
				7AA9583F217CBDB000865D55 /* Models */,
				7AA95830217CB7A100865D55 /* Operation */,
				7AA95818217CB3BD00865D55 /* RPC */,
				7AA9583A217CBA4E00865D55 /* Utils */,
			);
			path = Sources;
			sourceTree = "<group>";
		};
		7AA95818217CB3BD00865D55 /* RPC */ = {
			isa = PBXGroup;
			children = (
				7AA9581D217CB43A00865D55 /* ResponseAdapters */,
				7AA9581A217CB3EF00865D55 /* InjectOperationRPC.swift */,
				7AA95819217CB3EF00865D55 /* PreapplyOperationRPC.swift */,
				7AA9580A217CB3A300865D55 /* ForgeOperationRPC.swift */,
				7AA95809217CB3A300865D55 /* GetAddressBalanceRPC.swift */,
				7AA9580D217CB3A400865D55 /* GetAddressCounterRPC.swift */,
				7AA9580E217CB3A400865D55 /* GetAddressDelegateRPC.swift */,
				7AA9580B217CB3A300865D55 /* GetAddressManagerKeyRPC.swift */,
				7AA95807217CB3A300865D55 /* GetChainHeadHashRPC.swift */,
				7AA95808217CB3A300865D55 /* GetChainHeadRPC.swift */,
				7AA9580C217CB3A300865D55 /* TezosRPC.swift */,
				772E4E9421ACA1DA002A44A3 /* GetVotingDelegateRightsRPC.swift */,
				772E4E9821ACA384002A44A3 /* GetProposalUnderEvaluationRPC.swift */,
				772E4E9621ACA2E2002A44A3 /* GetProposalsListRPC.swift */,
				772E4E8C21AC9ECB002A44A3 /* GetBallotsRPC.swift */,
				772E4E9021AC9F95002A44A3 /* GetCurrentPeriodKindRPC.swift */,
				772E4E9221ACA03A002A44A3 /* GetExpectedQuorumRPC.swift */,
				772E4E8E21AC9F52002A44A3 /* GetBallotsListRPC.swift */,
				77FE004321B899DD009C3CD1 /* GetAddressCodeRPC.swift */,
			);
			path = RPC;
			sourceTree = "<group>";
		};
		7AA9581D217CB43A00865D55 /* ResponseAdapters */ = {
			isa = PBXGroup;
			children = (
				7AA95822217CB53600865D55 /* AbstractResponseAdapter.swift */,
				7751380221ADCB850054D05E /* PeriodKindResponseAdapter.swift */,
				7AA95840217CC56F00865D55 /* IntegerResponseAdapter.swift */,
				7AA95820217CB53600865D55 /* JSONArrayResponseAdapter.swift */,
				7AA95823217CB53600865D55 /* JSONDictionaryResponseAdapter.swift */,
				7AA9581E217CB53600865D55 /* ResponseAdapter.swift */,
				7AA95821217CB53600865D55 /* StringResponseAdapter.swift */,
				7AA9581F217CB53600865D55 /* TezosBalanceResponseAdapter.swift */,
				77FE004721B9D07B009C3CD1 /* ContractCodeResponseAdapter.swift */,
			);
			path = ResponseAdapters;
			sourceTree = "<group>";
		};
		7AA95830217CB7A100865D55 /* Operation */ = {
			isa = PBXGroup;
			children = (
				7A53BF69217D295300BA15D1 /* RevealOperation.swift */,
				7ABC8546217E73E1006DE8FD /* RegisterDelegateOperation.swift */,
				7A1E2EDB2176B3F40073C080 /* Operation.swift */,
				7AA95831217CB80A00865D55 /* AbstractOperation.swift */,
				7AA95833217CB80A00865D55 /* DelegationOperation.swift */,
				7AA95834217CB80A00865D55 /* OperationKind.swift */,
				7AA95832217CB80A00865D55 /* TransactionOperation.swift */,
				772E4E6D21912778002A44A3 /* OriginateAccountOperation.swift */,
				772E4E7F2199118F002A44A3 /* UndelegateOperation.swift */,
			);
			path = Operation;
			sourceTree = "<group>";
		};
		7AA9583A217CBA4E00865D55 /* Utils */ = {
			isa = PBXGroup;
			children = (
				7AA9582B217CB6F700865D55 /* JSONUtils.swift */,
				7AA9582C217CB6F700865D55 /* MnemonicUtil.swift */,
			);
			path = Utils;
			sourceTree = "<group>";
		};
		7AA9583B217CBB1700865D55 /* Cryptography */ = {
			isa = PBXGroup;
			children = (
				7ABC854A217EA4AE006DE8FD /* OperationSigningResult.swift */,
				7A1E2ECF217671B20073C080 /* KeyPair.swift */,
				7AA9582A217CB6F700865D55 /* Crypto.swift */,
			);
			path = Cryptography;
			sourceTree = "<group>";
		};
		7AA9583C217CBBEA00865D55 /* App */ = {
			isa = PBXGroup;
			children = (
				7AA8F3592160158000C05895 /* AppDelegate.swift */,
				7AA8F35D2160158000C05895 /* Main.storyboard */,
				7AA8F3602160158100C05895 /* Assets.xcassets */,
				7AA8F3622160158100C05895 /* LaunchScreen.storyboard */,
				7AA8F3652160158100C05895 /* Info.plist */,
			);
			path = App;
			sourceTree = "<group>";
		};
		7AA9583D217CBC7600865D55 /* Client */ = {
			isa = PBXGroup;
			children = (
				7AA8F36B216015A300C05895 /* TezosClient.swift */,
				7AA8F36D2160211800C05895 /* TezosClientError.swift */,
			);
			path = Client;
			sourceTree = "<group>";
		};
		7AA9583F217CBDB000865D55 /* Models */ = {
			isa = PBXGroup;
			children = (
				7ABC8542217D6B90006DE8FD /* Keys.swift */,
				77FE004921B9E668009C3CD1 /* OperationFees.swift */,
				7A1E2ED3217673FD0073C080 /* Wallet.swift */,
				7A53BF1A217CF35700BA15D1 /* OperationMetadata.swift */,
				7AA957D3217B8C1000865D55 /* TezosBalance.swift */,
				7751380021ADCA900054D05E /* PeriodKind.swift */,
				77FE004521B8BCC5009C3CD1 /* ContractCode.swift */,
			);
			path = Models;
			sourceTree = "<group>";
		};
		7AA95845217CC9F500865D55 /* Tests */ = {
			isa = PBXGroup;
			children = (
			);
			name = Tests;
			sourceTree = "<group>";
		};
		7ABC854C21813427006DE8FD /* Base58String */ = {
			isa = PBXGroup;
			children = (
				7ABC854D2181348D006DE8FD /* Base58String.swift */,
			);
			name = Base58String;
			sourceTree = "<group>";
		};
		7ABC856221824D58006DE8FD /* TezosKitTests */ = {
			isa = PBXGroup;
			children = (
				7751380821ADD28C0054D05E /* PeriodKindResponseAdapterTest.swift */,
				772E4E81219911DA002A44A3 /* UndelegateOperation.swift */,
				775137F221ACE6970054D05E /* GetBallotsListRPCTest.swift */,
				775137F421ACE6A20054D05E /* GetBallotsRPCTest.swift */,
				775137F621ACE6AB0054D05E /* GetCurrentPeriodKindRPCTest.swift */,
				775137F821ACE6B90054D05E /* GetExpectedQuorumRPCTest.swift */,
				775137FA21ACE6C90054D05E /* GetProposalUnderEvaluationRPCTest.swift */,
				775137FE21ACE6DE0054D05E /* GetVotingDelegateRightsRPCTest.swift */,
				775137FC21ACE6D40054D05E /* GetProposalsListRPCTest.swift */,
				772E4E6F2191351C002A44A3 /* OriginateAccountOperation.swift */,
				772E4E6B2190DA4D002A44A3 /* KeysTests.swift */,
				7ABC85AF21839F7D006DE8FD /* GetChainHeadRPCTest.swift */,
				7ABC85AD21839F6F006DE8FD /* GetChainHeadHashRPCTest.swift */,
				7ABC85A921839F02006DE8FD /* GetAddressManagerKeyRPCTest.swift */,
				7ABC85A721839EA7006DE8FD /* GetDelegateRPCTest.swift */,
				7ABC85A521839E76006DE8FD /* GetAddressCounterRPCTest.swift */,
				7ABC85A321839E09006DE8FD /* GetAddressBalanceRPCTest.swift */,
				7ABC85A121839DA3006DE8FD /* ForgeOperationRPCTest.swift */,
				7ABC859F21839D32006DE8FD /* PreapplyOperationRPCTest.swift */,
				7ABC859D21839C53006DE8FD /* InjectOperationRPCTest.swift */,
				7ABC859B2183973F006DE8FD /* TezosRPCTest.swift */,
				7ABC85992183961D006DE8FD /* JSONArrayResponseAdapterTest.swift */,
				7ABC859721839465006DE8FD /* JSONDictionaryResponseAdapterTest.swift */,
				7ABC859521839171006DE8FD /* TezosClientErrorCodesTest.swift */,
				7ABC859321838D6D006DE8FD /* IntegerResponseAdapterTest.swift */,
				7ABC85912183899B006DE8FD /* TezosBalanceResponseAdapterTest.swift */,
				7ABC858F2183875C006DE8FD /* StringResponseAdapterTest.swift */,
				7ABC858B21838522006DE8FD /* TransactionOperationTest.swift */,
				7ABC8589218383F4006DE8FD /* RevealOperationTest.swift */,
				7ABC85872183834D006DE8FD /* RegisterDelegateOperationTest.swift */,
				7ABC85852182B08B006DE8FD /* DelegationOperationTest.swift */,
				7ABC85832182AE86006DE8FD /* AbstractOperationTest.swift */,
				7ABC85812182A595006DE8FD /* CryptoTests.swift */,
				7ABC857F2182A072006DE8FD /* TezosBalanceTest.swift */,
				7ABC857D21826C71006DE8FD /* WalletTests.swift */,
				7ABC856D2182655E006DE8FD /* MnemonicUtilsTest.swift */,
				7ABC856B21824D6C006DE8FD /* JSONUtilsTest.swift */,
				7ABC856521824D58006DE8FD /* Info.plist */,
			);
			path = TezosKitTests;
			sourceTree = "<group>";
		};
		E1B299C2AF182A8A0B52D6BE /* Frameworks */ = {
			isa = PBXGroup;
			children = (
				AD462AF223A5CD5683C948D9 /* Pods_TezosKit.framework */,
				711B3872659EEE9B847690A5 /* Pods_TezosKitTests.framework */,
			);
			name = Frameworks;
			sourceTree = "<group>";
		};
/* End PBXGroup section */

/* Begin PBXNativeTarget section */
		7AA8F3552160158000C05895 /* TezosKit */ = {
			isa = PBXNativeTarget;
			buildConfigurationList = 7AA8F3682160158100C05895 /* Build configuration list for PBXNativeTarget "TezosKit" */;
			buildPhases = (
				65A376F3CDCF897A91B0BCB4 /* [CP] Check Pods Manifest.lock */,
				7AA8F3522160158000C05895 /* Sources */,
				7AA8F3532160158000C05895 /* Frameworks */,
				7AA8F3542160158000C05895 /* Resources */,
				F9E1C2C07E3C6A6D7B6C11E4 /* [CP] Embed Pods Frameworks */,
			);
			buildRules = (
			);
			dependencies = (
			);
			name = TezosKit;
			productName = TezosKit;
			productReference = 7AA8F3562160158000C05895 /* TezosKit.app */;
			productType = "com.apple.product-type.application";
		};
		7ABC856021824D58006DE8FD /* TezosKitTests */ = {
			isa = PBXNativeTarget;
			buildConfigurationList = 7ABC856821824D58006DE8FD /* Build configuration list for PBXNativeTarget "TezosKitTests" */;
			buildPhases = (
				89E31ED35AABDD409FD8E53D /* [CP] Check Pods Manifest.lock */,
				7ABC855D21824D58006DE8FD /* Sources */,
				7ABC855E21824D58006DE8FD /* Frameworks */,
				7ABC855F21824D58006DE8FD /* Resources */,
			);
			buildRules = (
			);
			dependencies = (
				7ABC856721824D58006DE8FD /* PBXTargetDependency */,
			);
			name = TezosKitTests;
			productName = TezosKitTests;
			productReference = 7ABC856121824D58006DE8FD /* TezosKitTests.xctest */;
			productType = "com.apple.product-type.bundle.unit-test";
		};
/* End PBXNativeTarget section */

/* Begin PBXProject section */
		7AA8F34E2160158000C05895 /* Project object */ = {
			isa = PBXProject;
			attributes = {
				LastSwiftUpdateCheck = 1000;
				LastUpgradeCheck = 1000;
				ORGANIZATIONNAME = "Keefer Taylor";
				TargetAttributes = {
					7AA8F3552160158000C05895 = {
						CreatedOnToolsVersion = 10.0;
						LastSwiftMigration = 1000;
					};
					7ABC856021824D58006DE8FD = {
						CreatedOnToolsVersion = 10.0;
						TestTargetID = 7AA8F3552160158000C05895;
					};
				};
			};
			buildConfigurationList = 7AA8F3512160158000C05895 /* Build configuration list for PBXProject "TezosKit" */;
			compatibilityVersion = "Xcode 9.3";
			developmentRegion = en;
			hasScannedForEncodings = 0;
			knownRegions = (
				en,
				Base,
			);
			mainGroup = 7AA8F34D2160158000C05895;
			productRefGroup = 7AA8F3572160158000C05895 /* Products */;
			projectDirPath = "";
			projectRoot = "";
			targets = (
				7AA8F3552160158000C05895 /* TezosKit */,
				7ABC856021824D58006DE8FD /* TezosKitTests */,
			);
		};
/* End PBXProject section */

/* Begin PBXResourcesBuildPhase section */
		7AA8F3542160158000C05895 /* Resources */ = {
			isa = PBXResourcesBuildPhase;
			buildActionMask = 2147483647;
			files = (
				7AA8F3642160158100C05895 /* LaunchScreen.storyboard in Resources */,
				7AA8F3612160158100C05895 /* Assets.xcassets in Resources */,
				7AA8F35F2160158000C05895 /* Main.storyboard in Resources */,
			);
			runOnlyForDeploymentPostprocessing = 0;
		};
		7ABC855F21824D58006DE8FD /* Resources */ = {
			isa = PBXResourcesBuildPhase;
			buildActionMask = 2147483647;
			files = (
			);
			runOnlyForDeploymentPostprocessing = 0;
		};
/* End PBXResourcesBuildPhase section */

/* Begin PBXShellScriptBuildPhase section */
		65A376F3CDCF897A91B0BCB4 /* [CP] Check Pods Manifest.lock */ = {
			isa = PBXShellScriptBuildPhase;
			buildActionMask = 2147483647;
			files = (
			);
			inputPaths = (
				"${PODS_PODFILE_DIR_PATH}/Podfile.lock",
				"${PODS_ROOT}/Manifest.lock",
			);
			name = "[CP] Check Pods Manifest.lock";
			outputPaths = (
				"$(DERIVED_FILE_DIR)/Pods-TezosKit-checkManifestLockResult.txt",
			);
			runOnlyForDeploymentPostprocessing = 0;
			shellPath = /bin/sh;
			shellScript = "diff \"${PODS_PODFILE_DIR_PATH}/Podfile.lock\" \"${PODS_ROOT}/Manifest.lock\" > /dev/null\nif [ $? != 0 ] ; then\n    # print error to STDERR\n    echo \"error: The sandbox is not in sync with the Podfile.lock. Run 'pod install' or update your CocoaPods installation.\" >&2\n    exit 1\nfi\n# This output is used by Xcode 'outputs' to avoid re-running this script phase.\necho \"SUCCESS\" > \"${SCRIPT_OUTPUT_FILE_0}\"\n";
			showEnvVarsInLog = 0;
		};
		89E31ED35AABDD409FD8E53D /* [CP] Check Pods Manifest.lock */ = {
			isa = PBXShellScriptBuildPhase;
			buildActionMask = 2147483647;
			files = (
			);
			inputPaths = (
				"${PODS_PODFILE_DIR_PATH}/Podfile.lock",
				"${PODS_ROOT}/Manifest.lock",
			);
			name = "[CP] Check Pods Manifest.lock";
			outputPaths = (
				"$(DERIVED_FILE_DIR)/Pods-TezosKitTests-checkManifestLockResult.txt",
			);
			runOnlyForDeploymentPostprocessing = 0;
			shellPath = /bin/sh;
			shellScript = "diff \"${PODS_PODFILE_DIR_PATH}/Podfile.lock\" \"${PODS_ROOT}/Manifest.lock\" > /dev/null\nif [ $? != 0 ] ; then\n    # print error to STDERR\n    echo \"error: The sandbox is not in sync with the Podfile.lock. Run 'pod install' or update your CocoaPods installation.\" >&2\n    exit 1\nfi\n# This output is used by Xcode 'outputs' to avoid re-running this script phase.\necho \"SUCCESS\" > \"${SCRIPT_OUTPUT_FILE_0}\"\n";
			showEnvVarsInLog = 0;
		};
		F9E1C2C07E3C6A6D7B6C11E4 /* [CP] Embed Pods Frameworks */ = {
			isa = PBXShellScriptBuildPhase;
			buildActionMask = 2147483647;
			files = (
			);
			inputFileListPaths = (
			);
			inputPaths = (
				"${PODS_ROOT}/Target Support Files/Pods-TezosKit/Pods-TezosKit-frameworks.sh",
				"${BUILT_PRODUCTS_DIR}/BigInt/BigInt.framework",
				"${BUILT_PRODUCTS_DIR}/CryptoSwift/CryptoSwift.framework",
				"${BUILT_PRODUCTS_DIR}/MnemonicKit/MnemonicKit.framework",
				"${BUILT_PRODUCTS_DIR}/SipHash/SipHash.framework",
				"${BUILT_PRODUCTS_DIR}/Sodium/Sodium.framework",
				"${BUILT_PRODUCTS_DIR}/TezosKit/TezosKit.framework",
			);
			name = "[CP] Embed Pods Frameworks";
			outputFileListPaths = (
			);
			outputPaths = (
				"${TARGET_BUILD_DIR}/${FRAMEWORKS_FOLDER_PATH}/BigInt.framework",
				"${TARGET_BUILD_DIR}/${FRAMEWORKS_FOLDER_PATH}/CryptoSwift.framework",
				"${TARGET_BUILD_DIR}/${FRAMEWORKS_FOLDER_PATH}/MnemonicKit.framework",
				"${TARGET_BUILD_DIR}/${FRAMEWORKS_FOLDER_PATH}/SipHash.framework",
				"${TARGET_BUILD_DIR}/${FRAMEWORKS_FOLDER_PATH}/Sodium.framework",
				"${TARGET_BUILD_DIR}/${FRAMEWORKS_FOLDER_PATH}/TezosKit.framework",
			);
			runOnlyForDeploymentPostprocessing = 0;
			shellPath = /bin/sh;
			shellScript = "\"${PODS_ROOT}/Target Support Files/Pods-TezosKit/Pods-TezosKit-frameworks.sh\"\n";
			showEnvVarsInLog = 0;
		};
/* End PBXShellScriptBuildPhase section */

/* Begin PBXSourcesBuildPhase section */
		7AA8F3522160158000C05895 /* Sources */ = {
			isa = PBXSourcesBuildPhase;
			buildActionMask = 2147483647;
			files = (
				7AA9582D217CB6F700865D55 /* Crypto.swift in Sources */,
				772E4E9121AC9F95002A44A3 /* GetCurrentPeriodKindRPC.swift in Sources */,
				7ABC8543217D6B91006DE8FD /* Keys.swift in Sources */,
				772E4E802199118F002A44A3 /* UndelegateOperation.swift in Sources */,
				7AA95810217CB3A400865D55 /* GetChainHeadRPC.swift in Sources */,
				7AA95828217CB53700865D55 /* AbstractResponseAdapter.swift in Sources */,
				772E4E9521ACA1DA002A44A3 /* GetVotingDelegateRightsRPC.swift in Sources */,
				7AA95814217CB3A400865D55 /* TezosRPC.swift in Sources */,
				77FE004A21B9E668009C3CD1 /* OperationFees.swift in Sources */,
				7AA95835217CB80A00865D55 /* AbstractOperation.swift in Sources */,
				7ABC854B217EA4AE006DE8FD /* OperationSigningResult.swift in Sources */,
				7A1E2ED0217671B20073C080 /* KeyPair.swift in Sources */,
				7A53BF6A217D295400BA15D1 /* RevealOperation.swift in Sources */,
				7A1E2ED4217673FE0073C080 /* Wallet.swift in Sources */,
				7AA9580F217CB3A400865D55 /* GetChainHeadHashRPC.swift in Sources */,
				772E4E9721ACA2E2002A44A3 /* GetProposalsListRPC.swift in Sources */,
				7AA9582E217CB6F700865D55 /* JSONUtils.swift in Sources */,
				7AA95829217CB53700865D55 /* JSONDictionaryResponseAdapter.swift in Sources */,
				7AA95813217CB3A400865D55 /* GetAddressManagerKeyRPC.swift in Sources */,
				7AA8F36C216015A300C05895 /* TezosClient.swift in Sources */,
				7AA957D4217B8C1000865D55 /* TezosBalance.swift in Sources */,
				7AA9581B217CB3EF00865D55 /* PreapplyOperationRPC.swift in Sources */,
				7AA8F36E2160211800C05895 /* TezosClientError.swift in Sources */,
				7751380121ADCA900054D05E /* PeriodKind.swift in Sources */,
				7AA95812217CB3A400865D55 /* ForgeOperationRPC.swift in Sources */,
				77FE004621B8BCC5009C3CD1 /* ContractCode.swift in Sources */,
				772E4E9921ACA384002A44A3 /* GetProposalUnderEvaluationRPC.swift in Sources */,
				7AA9582F217CB6F700865D55 /* MnemonicUtil.swift in Sources */,
				7AA95841217CC56F00865D55 /* IntegerResponseAdapter.swift in Sources */,
				7AA95811217CB3A400865D55 /* GetAddressBalanceRPC.swift in Sources */,
				772E4E6E21912778002A44A3 /* OriginateAccountOperation.swift in Sources */,
				7AA95825217CB53700865D55 /* TezosBalanceResponseAdapter.swift in Sources */,
				7AA95816217CB3A400865D55 /* GetAddressDelegateRPC.swift in Sources */,
				772E4E8F21AC9F52002A44A3 /* GetBallotsListRPC.swift in Sources */,
				7AA95836217CB80A00865D55 /* TransactionOperation.swift in Sources */,
				7ABC8547217E73E1006DE8FD /* RegisterDelegateOperation.swift in Sources */,
				77FE004421B899DD009C3CD1 /* GetAddressCodeRPC.swift in Sources */,
				77FE004821B9D07B009C3CD1 /* ContractCodeResponseAdapter.swift in Sources */,
				772E4E8D21AC9ECB002A44A3 /* GetBallotsRPC.swift in Sources */,
				7751380321ADCB850054D05E /* PeriodKindResponseAdapter.swift in Sources */,
				7AA8F35A2160158000C05895 /* AppDelegate.swift in Sources */,
				7AA95837217CB80A00865D55 /* DelegationOperation.swift in Sources */,
				7AA95824217CB53700865D55 /* ResponseAdapter.swift in Sources */,
				7A53BF1B217CF35700BA15D1 /* OperationMetadata.swift in Sources */,
				7AA95815217CB3A400865D55 /* GetAddressCounterRPC.swift in Sources */,
				7ABC854E2181348E006DE8FD /* Base58String.swift in Sources */,
				772E4E9321ACA03A002A44A3 /* GetExpectedQuorumRPC.swift in Sources */,
				7AA95826217CB53700865D55 /* JSONArrayResponseAdapter.swift in Sources */,
				7AA9581C217CB3EF00865D55 /* InjectOperationRPC.swift in Sources */,
				7A1E2EDC2176B3F40073C080 /* Operation.swift in Sources */,
				7AA95827217CB53700865D55 /* StringResponseAdapter.swift in Sources */,
				7AA95838217CB80A00865D55 /* OperationKind.swift in Sources */,
			);
			runOnlyForDeploymentPostprocessing = 0;
		};
		7ABC855D21824D58006DE8FD /* Sources */ = {
			isa = PBXSourcesBuildPhase;
			buildActionMask = 2147483647;
			files = (
				7ABC85802182A072006DE8FD /* TezosBalanceTest.swift in Sources */,
				7ABC859421838D6D006DE8FD /* IntegerResponseAdapterTest.swift in Sources */,
				772E4E702191351C002A44A3 /* OriginateAccountOperation.swift in Sources */,
				772E4E82219911DA002A44A3 /* UndelegateOperation.swift in Sources */,
				7ABC85862182B08B006DE8FD /* DelegationOperationTest.swift in Sources */,
				7ABC85842182AE86006DE8FD /* AbstractOperationTest.swift in Sources */,
				7ABC859E21839C53006DE8FD /* InjectOperationRPCTest.swift in Sources */,
				775137FD21ACE6D40054D05E /* GetProposalsListRPCTest.swift in Sources */,
				772E4E6C2190DA4D002A44A3 /* KeysTests.swift in Sources */,
				775137F921ACE6B90054D05E /* GetExpectedQuorumRPCTest.swift in Sources */,
				7751380921ADD28C0054D05E /* PeriodKindResponseAdapterTest.swift in Sources */,
				7ABC85A021839D32006DE8FD /* PreapplyOperationRPCTest.swift in Sources */,
				775137F721ACE6AB0054D05E /* GetCurrentPeriodKindRPCTest.swift in Sources */,
				7ABC856C21824D6C006DE8FD /* JSONUtilsTest.swift in Sources */,
				7ABC857E21826C71006DE8FD /* WalletTests.swift in Sources */,
				7ABC859821839465006DE8FD /* JSONDictionaryResponseAdapterTest.swift in Sources */,
				775137F521ACE6A20054D05E /* GetBallotsRPCTest.swift in Sources */,
				7ABC85AA21839F02006DE8FD /* GetAddressManagerKeyRPCTest.swift in Sources */,
				7ABC85902183875C006DE8FD /* StringResponseAdapterTest.swift in Sources */,
				7ABC85A821839EA7006DE8FD /* GetDelegateRPCTest.swift in Sources */,
				7ABC85B021839F7D006DE8FD /* GetChainHeadRPCTest.swift in Sources */,
				7ABC856E2182655E006DE8FD /* MnemonicUtilsTest.swift in Sources */,
				7ABC859621839171006DE8FD /* TezosClientErrorCodesTest.swift in Sources */,
				7ABC85A421839E09006DE8FD /* GetAddressBalanceRPCTest.swift in Sources */,
				775137FF21ACE6DE0054D05E /* GetVotingDelegateRightsRPCTest.swift in Sources */,
				7ABC858C21838522006DE8FD /* TransactionOperationTest.swift in Sources */,
				7ABC85822182A595006DE8FD /* CryptoTests.swift in Sources */,
				7ABC85882183834D006DE8FD /* RegisterDelegateOperationTest.swift in Sources */,
				7ABC85A621839E76006DE8FD /* GetAddressCounterRPCTest.swift in Sources */,
				7ABC85A221839DA4006DE8FD /* ForgeOperationRPCTest.swift in Sources */,
				7ABC858A218383F4006DE8FD /* RevealOperationTest.swift in Sources */,
				7ABC859A2183961E006DE8FD /* JSONArrayResponseAdapterTest.swift in Sources */,
				775137F321ACE6970054D05E /* GetBallotsListRPCTest.swift in Sources */,
				7ABC859C2183973F006DE8FD /* TezosRPCTest.swift in Sources */,
				7ABC85922183899B006DE8FD /* TezosBalanceResponseAdapterTest.swift in Sources */,
				7ABC85AE21839F6F006DE8FD /* GetChainHeadHashRPCTest.swift in Sources */,
				775137FB21ACE6C90054D05E /* GetProposalUnderEvaluationRPCTest.swift in Sources */,
			);
			runOnlyForDeploymentPostprocessing = 0;
		};
/* End PBXSourcesBuildPhase section */

/* Begin PBXTargetDependency section */
		7ABC856721824D58006DE8FD /* PBXTargetDependency */ = {
			isa = PBXTargetDependency;
			target = 7AA8F3552160158000C05895 /* TezosKit */;
			targetProxy = 7ABC856621824D58006DE8FD /* PBXContainerItemProxy */;
		};
/* End PBXTargetDependency section */

/* Begin PBXVariantGroup section */
		7AA8F35D2160158000C05895 /* Main.storyboard */ = {
			isa = PBXVariantGroup;
			children = (
				7AA8F35E2160158000C05895 /* Base */,
			);
			name = Main.storyboard;
			sourceTree = "<group>";
		};
		7AA8F3622160158100C05895 /* LaunchScreen.storyboard */ = {
			isa = PBXVariantGroup;
			children = (
				7AA8F3632160158100C05895 /* Base */,
			);
			name = LaunchScreen.storyboard;
			sourceTree = "<group>";
		};
/* End PBXVariantGroup section */

/* Begin XCBuildConfiguration section */
		7AA8F3662160158100C05895 /* Debug */ = {
			isa = XCBuildConfiguration;
			buildSettings = {
				ALWAYS_SEARCH_USER_PATHS = NO;
				CLANG_ANALYZER_NONNULL = YES;
				CLANG_ANALYZER_NUMBER_OBJECT_CONVERSION = YES_AGGRESSIVE;
				CLANG_CXX_LANGUAGE_STANDARD = "gnu++14";
				CLANG_CXX_LIBRARY = "libc++";
				CLANG_ENABLE_MODULES = YES;
				CLANG_ENABLE_OBJC_ARC = YES;
				CLANG_ENABLE_OBJC_WEAK = YES;
				CLANG_WARN_BLOCK_CAPTURE_AUTORELEASING = YES;
				CLANG_WARN_BOOL_CONVERSION = YES;
				CLANG_WARN_COMMA = YES;
				CLANG_WARN_CONSTANT_CONVERSION = YES;
				CLANG_WARN_DEPRECATED_OBJC_IMPLEMENTATIONS = YES;
				CLANG_WARN_DIRECT_OBJC_ISA_USAGE = YES_ERROR;
				CLANG_WARN_DOCUMENTATION_COMMENTS = YES;
				CLANG_WARN_EMPTY_BODY = YES;
				CLANG_WARN_ENUM_CONVERSION = YES;
				CLANG_WARN_INFINITE_RECURSION = YES;
				CLANG_WARN_INT_CONVERSION = YES;
				CLANG_WARN_NON_LITERAL_NULL_CONVERSION = YES;
				CLANG_WARN_OBJC_IMPLICIT_RETAIN_SELF = YES;
				CLANG_WARN_OBJC_LITERAL_CONVERSION = YES;
				CLANG_WARN_OBJC_ROOT_CLASS = YES_ERROR;
				CLANG_WARN_RANGE_LOOP_ANALYSIS = YES;
				CLANG_WARN_STRICT_PROTOTYPES = YES;
				CLANG_WARN_SUSPICIOUS_MOVE = YES;
				CLANG_WARN_UNGUARDED_AVAILABILITY = YES_AGGRESSIVE;
				CLANG_WARN_UNREACHABLE_CODE = YES;
				CLANG_WARN__DUPLICATE_METHOD_MATCH = YES;
				CODE_SIGN_IDENTITY = "iPhone Developer";
				COPY_PHASE_STRIP = NO;
				DEBUG_INFORMATION_FORMAT = dwarf;
				ENABLE_STRICT_OBJC_MSGSEND = YES;
				ENABLE_TESTABILITY = YES;
				GCC_C_LANGUAGE_STANDARD = gnu11;
				GCC_DYNAMIC_NO_PIC = NO;
				GCC_NO_COMMON_BLOCKS = YES;
				GCC_OPTIMIZATION_LEVEL = 0;
				GCC_PREPROCESSOR_DEFINITIONS = (
					"DEBUG=1",
					"$(inherited)",
				);
				GCC_WARN_64_TO_32_BIT_CONVERSION = YES;
				GCC_WARN_ABOUT_RETURN_TYPE = YES_ERROR;
				GCC_WARN_UNDECLARED_SELECTOR = YES;
				GCC_WARN_UNINITIALIZED_AUTOS = YES_AGGRESSIVE;
				GCC_WARN_UNUSED_FUNCTION = YES;
				GCC_WARN_UNUSED_VARIABLE = YES;
				IPHONEOS_DEPLOYMENT_TARGET = 12.0;
				MTL_ENABLE_DEBUG_INFO = INCLUDE_SOURCE;
				MTL_FAST_MATH = YES;
				ONLY_ACTIVE_ARCH = YES;
				SDKROOT = iphoneos;
				SWIFT_ACTIVE_COMPILATION_CONDITIONS = DEBUG;
				SWIFT_OPTIMIZATION_LEVEL = "-Onone";
			};
			name = Debug;
		};
		7AA8F3672160158100C05895 /* Release */ = {
			isa = XCBuildConfiguration;
			buildSettings = {
				ALWAYS_SEARCH_USER_PATHS = NO;
				CLANG_ANALYZER_NONNULL = YES;
				CLANG_ANALYZER_NUMBER_OBJECT_CONVERSION = YES_AGGRESSIVE;
				CLANG_CXX_LANGUAGE_STANDARD = "gnu++14";
				CLANG_CXX_LIBRARY = "libc++";
				CLANG_ENABLE_MODULES = YES;
				CLANG_ENABLE_OBJC_ARC = YES;
				CLANG_ENABLE_OBJC_WEAK = YES;
				CLANG_WARN_BLOCK_CAPTURE_AUTORELEASING = YES;
				CLANG_WARN_BOOL_CONVERSION = YES;
				CLANG_WARN_COMMA = YES;
				CLANG_WARN_CONSTANT_CONVERSION = YES;
				CLANG_WARN_DEPRECATED_OBJC_IMPLEMENTATIONS = YES;
				CLANG_WARN_DIRECT_OBJC_ISA_USAGE = YES_ERROR;
				CLANG_WARN_DOCUMENTATION_COMMENTS = YES;
				CLANG_WARN_EMPTY_BODY = YES;
				CLANG_WARN_ENUM_CONVERSION = YES;
				CLANG_WARN_INFINITE_RECURSION = YES;
				CLANG_WARN_INT_CONVERSION = YES;
				CLANG_WARN_NON_LITERAL_NULL_CONVERSION = YES;
				CLANG_WARN_OBJC_IMPLICIT_RETAIN_SELF = YES;
				CLANG_WARN_OBJC_LITERAL_CONVERSION = YES;
				CLANG_WARN_OBJC_ROOT_CLASS = YES_ERROR;
				CLANG_WARN_RANGE_LOOP_ANALYSIS = YES;
				CLANG_WARN_STRICT_PROTOTYPES = YES;
				CLANG_WARN_SUSPICIOUS_MOVE = YES;
				CLANG_WARN_UNGUARDED_AVAILABILITY = YES_AGGRESSIVE;
				CLANG_WARN_UNREACHABLE_CODE = YES;
				CLANG_WARN__DUPLICATE_METHOD_MATCH = YES;
				CODE_SIGN_IDENTITY = "iPhone Developer";
				COPY_PHASE_STRIP = NO;
				DEBUG_INFORMATION_FORMAT = "dwarf-with-dsym";
				ENABLE_NS_ASSERTIONS = NO;
				ENABLE_STRICT_OBJC_MSGSEND = YES;
				GCC_C_LANGUAGE_STANDARD = gnu11;
				GCC_NO_COMMON_BLOCKS = YES;
				GCC_WARN_64_TO_32_BIT_CONVERSION = YES;
				GCC_WARN_ABOUT_RETURN_TYPE = YES_ERROR;
				GCC_WARN_UNDECLARED_SELECTOR = YES;
				GCC_WARN_UNINITIALIZED_AUTOS = YES_AGGRESSIVE;
				GCC_WARN_UNUSED_FUNCTION = YES;
				GCC_WARN_UNUSED_VARIABLE = YES;
				IPHONEOS_DEPLOYMENT_TARGET = 12.0;
				MTL_ENABLE_DEBUG_INFO = NO;
				MTL_FAST_MATH = YES;
				SDKROOT = iphoneos;
				SWIFT_COMPILATION_MODE = wholemodule;
				SWIFT_OPTIMIZATION_LEVEL = "-O";
				VALIDATE_PRODUCT = YES;
			};
			name = Release;
		};
		7AA8F3692160158100C05895 /* Debug */ = {
			isa = XCBuildConfiguration;
			baseConfigurationReference = 633241BA0820D6F7BA4CA23E /* Pods-TezosKit.debug.xcconfig */;
			buildSettings = {
				ASSETCATALOG_COMPILER_APPICON_NAME = AppIcon;
				CLANG_ENABLE_MODULES = YES;
				CODE_SIGN_STYLE = Manual;
				DEVELOPMENT_TEAM = "";
				INFOPLIST_FILE = "$(SRCROOT)/Sources/App/Info.plist";
				LD_RUNPATH_SEARCH_PATHS = (
					"$(inherited)",
					"@executable_path/Frameworks",
				);
				PRODUCT_BUNDLE_IDENTIFIER = com.google.keefer.TezosKit;
				PRODUCT_NAME = "$(TARGET_NAME)";
				PROVISIONING_PROFILE_SPECIFIER = "";
				SWIFT_OBJC_BRIDGING_HEADER = "TezosKit-Bridging-Header.h";
				SWIFT_OPTIMIZATION_LEVEL = "-Onone";
				SWIFT_VERSION = 4.2;
				TARGETED_DEVICE_FAMILY = "1,2";
			};
			name = Debug;
		};
		7AA8F36A2160158100C05895 /* Release */ = {
			isa = XCBuildConfiguration;
			baseConfigurationReference = 017EDEEC626A3CB7D1466B41 /* Pods-TezosKit.release.xcconfig */;
			buildSettings = {
				ASSETCATALOG_COMPILER_APPICON_NAME = AppIcon;
				CLANG_ENABLE_MODULES = YES;
				CODE_SIGN_STYLE = Manual;
				DEVELOPMENT_TEAM = "";
				INFOPLIST_FILE = "$(SRCROOT)/Sources/App/Info.plist";
				LD_RUNPATH_SEARCH_PATHS = (
					"$(inherited)",
					"@executable_path/Frameworks",
				);
				PRODUCT_BUNDLE_IDENTIFIER = com.google.keefer.TezosKit;
				PRODUCT_NAME = "$(TARGET_NAME)";
				PROVISIONING_PROFILE_SPECIFIER = "";
				SWIFT_OBJC_BRIDGING_HEADER = "TezosKit-Bridging-Header.h";
				SWIFT_VERSION = 4.2;
				TARGETED_DEVICE_FAMILY = "1,2";
			};
			name = Release;
		};
		7ABC856921824D58006DE8FD /* Debug */ = {
			isa = XCBuildConfiguration;
			baseConfigurationReference = 75D48894E33C2934F3738C60 /* Pods-TezosKitTests.debug.xcconfig */;
			buildSettings = {
				BUNDLE_LOADER = "$(TEST_HOST)";
				CODE_SIGN_STYLE = Automatic;
				DEVELOPMENT_TEAM = JQ7L3SB3TH;
				INFOPLIST_FILE = TezosKitTests/Info.plist;
				LD_RUNPATH_SEARCH_PATHS = (
					"$(inherited)",
					"@executable_path/Frameworks",
					"@loader_path/Frameworks",
				);
				PRODUCT_BUNDLE_IDENTIFIER = com.google.TezosKit.TezosKitTests;
				PRODUCT_NAME = "$(TARGET_NAME)";
				SWIFT_VERSION = 4.2;
				TARGETED_DEVICE_FAMILY = "1,2";
				TEST_HOST = "$(BUILT_PRODUCTS_DIR)/TezosKit.app/TezosKit";
			};
			name = Debug;
		};
		7ABC856A21824D58006DE8FD /* Release */ = {
			isa = XCBuildConfiguration;
			baseConfigurationReference = E18ABC256DB067253D1C0A45 /* Pods-TezosKitTests.release.xcconfig */;
			buildSettings = {
				BUNDLE_LOADER = "$(TEST_HOST)";
				CODE_SIGN_STYLE = Automatic;
				DEVELOPMENT_TEAM = JQ7L3SB3TH;
				INFOPLIST_FILE = TezosKitTests/Info.plist;
				LD_RUNPATH_SEARCH_PATHS = (
					"$(inherited)",
					"@executable_path/Frameworks",
					"@loader_path/Frameworks",
				);
				PRODUCT_BUNDLE_IDENTIFIER = com.google.TezosKit.TezosKitTests;
				PRODUCT_NAME = "$(TARGET_NAME)";
				SWIFT_VERSION = 4.2;
				TARGETED_DEVICE_FAMILY = "1,2";
				TEST_HOST = "$(BUILT_PRODUCTS_DIR)/TezosKit.app/TezosKit";
			};
			name = Release;
		};
/* End XCBuildConfiguration section */

/* Begin XCConfigurationList section */
		7AA8F3512160158000C05895 /* Build configuration list for PBXProject "TezosKit" */ = {
			isa = XCConfigurationList;
			buildConfigurations = (
				7AA8F3662160158100C05895 /* Debug */,
				7AA8F3672160158100C05895 /* Release */,
			);
			defaultConfigurationIsVisible = 0;
			defaultConfigurationName = Release;
		};
		7AA8F3682160158100C05895 /* Build configuration list for PBXNativeTarget "TezosKit" */ = {
			isa = XCConfigurationList;
			buildConfigurations = (
				7AA8F3692160158100C05895 /* Debug */,
				7AA8F36A2160158100C05895 /* Release */,
			);
			defaultConfigurationIsVisible = 0;
			defaultConfigurationName = Release;
		};
		7ABC856821824D58006DE8FD /* Build configuration list for PBXNativeTarget "TezosKitTests" */ = {
			isa = XCConfigurationList;
			buildConfigurations = (
				7ABC856921824D58006DE8FD /* Debug */,
				7ABC856A21824D58006DE8FD /* Release */,
			);
			defaultConfigurationIsVisible = 0;
			defaultConfigurationName = Release;
		};
/* End XCConfigurationList section */
	};
	rootObject = 7AA8F34E2160158000C05895 /* Project object */;
}
