// !$*UTF8*$!
{
	archiveVersion = 1;
	classes = {
	};
	objectVersion = 50;
	objects = {

/* Begin PBXBuildFile section */
		77CE338121F55295006ADABA /* GetAddressBalanceRPC.swift in Sources */ = {isa = PBXBuildFile; fileRef = 77CE333E21F55294006ADABA /* GetAddressBalanceRPC.swift */; };
		77CE338221F55295006ADABA /* GetChainHeadHashRPC.swift in Sources */ = {isa = PBXBuildFile; fileRef = 77CE333F21F55294006ADABA /* GetChainHeadHashRPC.swift */; };
		77CE338321F55295006ADABA /* GetAddressCounterRPC.swift in Sources */ = {isa = PBXBuildFile; fileRef = 77CE334021F55294006ADABA /* GetAddressCounterRPC.swift */; };
		77CE338421F55295006ADABA /* GetBallotsRPC.swift in Sources */ = {isa = PBXBuildFile; fileRef = 77CE334121F55294006ADABA /* GetBallotsRPC.swift */; };
		77CE338521F55295006ADABA /* GetAddressCodeRPC.swift in Sources */ = {isa = PBXBuildFile; fileRef = 77CE334221F55294006ADABA /* GetAddressCodeRPC.swift */; };
		77CE338621F55295006ADABA /* GetProposalsListRPC.swift in Sources */ = {isa = PBXBuildFile; fileRef = 77CE334321F55294006ADABA /* GetProposalsListRPC.swift */; };
		77CE338721F55295006ADABA /* TezosBalanceResponseAdapter.swift in Sources */ = {isa = PBXBuildFile; fileRef = 77CE334521F55294006ADABA /* TezosBalanceResponseAdapter.swift */; };
		77CE338821F55295006ADABA /* ResponseAdapter.swift in Sources */ = {isa = PBXBuildFile; fileRef = 77CE334621F55294006ADABA /* ResponseAdapter.swift */; };
		77CE338921F55295006ADABA /* JSONDictionaryResponseAdapter.swift in Sources */ = {isa = PBXBuildFile; fileRef = 77CE334721F55294006ADABA /* JSONDictionaryResponseAdapter.swift */; };
		77CE338A21F55295006ADABA /* AbstractResponseAdapter.swift in Sources */ = {isa = PBXBuildFile; fileRef = 77CE334821F55294006ADABA /* AbstractResponseAdapter.swift */; };
		77CE338B21F55295006ADABA /* IntegerResponseAdapter.swift in Sources */ = {isa = PBXBuildFile; fileRef = 77CE334921F55294006ADABA /* IntegerResponseAdapter.swift */; };
		77CE338C21F55295006ADABA /* ContractCodeResponseAdapter.swift in Sources */ = {isa = PBXBuildFile; fileRef = 77CE334A21F55294006ADABA /* ContractCodeResponseAdapter.swift */; };
		77CE338D21F55295006ADABA /* PeriodKindResponseAdapter.swift in Sources */ = {isa = PBXBuildFile; fileRef = 77CE334B21F55294006ADABA /* PeriodKindResponseAdapter.swift */; };
		77CE338E21F55295006ADABA /* StringResponseAdapter.swift in Sources */ = {isa = PBXBuildFile; fileRef = 77CE334C21F55294006ADABA /* StringResponseAdapter.swift */; };
		77CE338F21F55295006ADABA /* JSONArrayResponseAdapter.swift in Sources */ = {isa = PBXBuildFile; fileRef = 77CE334D21F55294006ADABA /* JSONArrayResponseAdapter.swift */; };
		77CE339021F55295006ADABA /* GetChainHeadRPC.swift in Sources */ = {isa = PBXBuildFile; fileRef = 77CE334E21F55294006ADABA /* GetChainHeadRPC.swift */; };
		77CE339121F55295006ADABA /* TezosRPC.swift in Sources */ = {isa = PBXBuildFile; fileRef = 77CE334F21F55294006ADABA /* TezosRPC.swift */; };
		77CE339221F55295006ADABA /* InjectOperationRPC.swift in Sources */ = {isa = PBXBuildFile; fileRef = 77CE335021F55294006ADABA /* InjectOperationRPC.swift */; };
		77CE339321F55295006ADABA /* GetAddressManagerKeyRPC.swift in Sources */ = {isa = PBXBuildFile; fileRef = 77CE335121F55294006ADABA /* GetAddressManagerKeyRPC.swift */; };
		77CE339421F55295006ADABA /* GetAddressDelegateRPC.swift in Sources */ = {isa = PBXBuildFile; fileRef = 77CE335221F55294006ADABA /* GetAddressDelegateRPC.swift */; };
		77CE339521F55295006ADABA /* GetProposalUnderEvaluationRPC.swift in Sources */ = {isa = PBXBuildFile; fileRef = 77CE335321F55294006ADABA /* GetProposalUnderEvaluationRPC.swift */; };
		77CE339621F55295006ADABA /* GetCurrentPeriodKindRPC.swift in Sources */ = {isa = PBXBuildFile; fileRef = 77CE335421F55294006ADABA /* GetCurrentPeriodKindRPC.swift */; };
		77CE339721F55295006ADABA /* GetVotingDelegateRightsRPC.swift in Sources */ = {isa = PBXBuildFile; fileRef = 77CE335521F55294006ADABA /* GetVotingDelegateRightsRPC.swift */; };
		77CE339821F55295006ADABA /* GetBallotsListRPC.swift in Sources */ = {isa = PBXBuildFile; fileRef = 77CE335621F55294006ADABA /* GetBallotsListRPC.swift */; };
		77CE339921F55295006ADABA /* ForgeOperationRPC.swift in Sources */ = {isa = PBXBuildFile; fileRef = 77CE335721F55294006ADABA /* ForgeOperationRPC.swift */; };
		77CE339A21F55295006ADABA /* PreapplyOperationRPC.swift in Sources */ = {isa = PBXBuildFile; fileRef = 77CE335821F55294006ADABA /* PreapplyOperationRPC.swift */; };
		77CE339B21F55295006ADABA /* GetExpectedQuorumRPC.swift in Sources */ = {isa = PBXBuildFile; fileRef = 77CE335921F55294006ADABA /* GetExpectedQuorumRPC.swift */; };
		77CE339C21F55295006ADABA /* JSONUtils.swift in Sources */ = {isa = PBXBuildFile; fileRef = 77CE335B21F55294006ADABA /* JSONUtils.swift */; };
		77CE339D21F55295006ADABA /* MnemonicUtil.swift in Sources */ = {isa = PBXBuildFile; fileRef = 77CE335C21F55294006ADABA /* MnemonicUtil.swift */; };
		77CE339E21F55295006ADABA /* OriginateAccountOperation.swift in Sources */ = {isa = PBXBuildFile; fileRef = 77CE335E21F55294006ADABA /* OriginateAccountOperation.swift */; };
		77CE339F21F55295006ADABA /* DelegationOperation.swift in Sources */ = {isa = PBXBuildFile; fileRef = 77CE335F21F55294006ADABA /* DelegationOperation.swift */; };
		77CE33A021F55295006ADABA /* AbstractOperation.swift in Sources */ = {isa = PBXBuildFile; fileRef = 77CE336021F55294006ADABA /* AbstractOperation.swift */; };
		77CE33A121F55295006ADABA /* RevealOperation.swift in Sources */ = {isa = PBXBuildFile; fileRef = 77CE336121F55294006ADABA /* RevealOperation.swift */; };
		77CE33A221F55295006ADABA /* RegisterDelegateOperation.swift in Sources */ = {isa = PBXBuildFile; fileRef = 77CE336221F55294006ADABA /* RegisterDelegateOperation.swift */; };
		77CE33A321F55295006ADABA /* UndelegateOperation.swift in Sources */ = {isa = PBXBuildFile; fileRef = 77CE336321F55294006ADABA /* UndelegateOperation.swift */; };
		77CE33A421F55295006ADABA /* TransactionOperation.swift in Sources */ = {isa = PBXBuildFile; fileRef = 77CE336421F55294006ADABA /* TransactionOperation.swift */; };
		77CE33A521F55295006ADABA /* OperationKind.swift in Sources */ = {isa = PBXBuildFile; fileRef = 77CE336521F55294006ADABA /* OperationKind.swift */; };
		77CE33A621F55295006ADABA /* Operation.swift in Sources */ = {isa = PBXBuildFile; fileRef = 77CE336621F55294006ADABA /* Operation.swift */; };
		77CE33A721F55295006ADABA /* KeyPair.swift in Sources */ = {isa = PBXBuildFile; fileRef = 77CE336821F55294006ADABA /* KeyPair.swift */; };
		77CE33A821F55295006ADABA /* Crypto.swift in Sources */ = {isa = PBXBuildFile; fileRef = 77CE336921F55294006ADABA /* Crypto.swift */; };
		77CE33A921F55295006ADABA /* OperationSigningResult.swift in Sources */ = {isa = PBXBuildFile; fileRef = 77CE336A21F55294006ADABA /* OperationSigningResult.swift */; };
		77CE33AA21F55295006ADABA /* TezosBalance.swift in Sources */ = {isa = PBXBuildFile; fileRef = 77CE336C21F55294006ADABA /* TezosBalance.swift */; };
		77CE33AB21F55295006ADABA /* Keys.swift in Sources */ = {isa = PBXBuildFile; fileRef = 77CE336D21F55294006ADABA /* Keys.swift */; };
		77CE33AC21F55295006ADABA /* OperationMetadata.swift in Sources */ = {isa = PBXBuildFile; fileRef = 77CE336E21F55294006ADABA /* OperationMetadata.swift */; };
		77CE33AD21F55295006ADABA /* OperationFees.swift in Sources */ = {isa = PBXBuildFile; fileRef = 77CE336F21F55294006ADABA /* OperationFees.swift */; };
		77CE33AE21F55295006ADABA /* PeriodKind.swift in Sources */ = {isa = PBXBuildFile; fileRef = 77CE337021F55294006ADABA /* PeriodKind.swift */; };
		77CE33AF21F55295006ADABA /* Wallet.swift in Sources */ = {isa = PBXBuildFile; fileRef = 77CE337121F55294006ADABA /* Wallet.swift */; };
		77CE33B021F55295006ADABA /* ContractCode.swift in Sources */ = {isa = PBXBuildFile; fileRef = 77CE337221F55294006ADABA /* ContractCode.swift */; };
		77CE33B121F55295006ADABA /* TezosClient.swift in Sources */ = {isa = PBXBuildFile; fileRef = 77CE337421F55294006ADABA /* TezosClient.swift */; };
		77CE33B221F55295006ADABA /* TezosClientError.swift in Sources */ = {isa = PBXBuildFile; fileRef = 77CE337521F55294006ADABA /* TezosClientError.swift */; };
		77CE33BF21F555C7006ADABA /* BigInt.framework in Frameworks */ = {isa = PBXBuildFile; fileRef = 77CE33BA21F555C7006ADABA /* BigInt.framework */; };
		77CE33C021F555C7006ADABA /* MnemonicKit.framework in Frameworks */ = {isa = PBXBuildFile; fileRef = 77CE33BB21F555C7006ADABA /* MnemonicKit.framework */; };
		77CE33C321F555C7006ADABA /* Sodium.framework in Frameworks */ = {isa = PBXBuildFile; fileRef = 77CE33BE21F555C7006ADABA /* Sodium.framework */; };
		77CE33C821F5571D006ADABA /* Base58String.swift in Sources */ = {isa = PBXBuildFile; fileRef = 77CE33C621F5571D006ADABA /* Base58String.swift */; };
		77CE350121F6A5BE006ADABA /* TezosKit.framework in Frameworks */ = {isa = PBXBuildFile; fileRef = 77CE331F21F550E2006ADABA /* TezosKit.framework */; };
		77CE352F21F6A5CB006ADABA /* GetExpectedQuorumRPCTest.swift in Sources */ = {isa = PBXBuildFile; fileRef = 77CE350821F6A5CB006ADABA /* GetExpectedQuorumRPCTest.swift */; };
		77CE353021F6A5CB006ADABA /* GetAddressBalanceRPCTest.swift in Sources */ = {isa = PBXBuildFile; fileRef = 77CE350921F6A5CB006ADABA /* GetAddressBalanceRPCTest.swift */; };
		77CE353121F6A5CB006ADABA /* TezosBalanceTest.swift in Sources */ = {isa = PBXBuildFile; fileRef = 77CE350A21F6A5CB006ADABA /* TezosBalanceTest.swift */; };
		77CE353221F6A5CB006ADABA /* JSONDictionaryResponseAdapterTest.swift in Sources */ = {isa = PBXBuildFile; fileRef = 77CE350B21F6A5CB006ADABA /* JSONDictionaryResponseAdapterTest.swift */; };
		77CE353321F6A5CB006ADABA /* OriginateAccountOperation.swift in Sources */ = {isa = PBXBuildFile; fileRef = 77CE350C21F6A5CB006ADABA /* OriginateAccountOperation.swift */; };
		77CE353421F6A5CB006ADABA /* ForgeOperationRPCTest.swift in Sources */ = {isa = PBXBuildFile; fileRef = 77CE350D21F6A5CB006ADABA /* ForgeOperationRPCTest.swift */; };
		77CE353521F6A5CB006ADABA /* MnemonicUtilsTest.swift in Sources */ = {isa = PBXBuildFile; fileRef = 77CE350E21F6A5CB006ADABA /* MnemonicUtilsTest.swift */; };
		77CE353621F6A5CB006ADABA /* DelegationOperationTest.swift in Sources */ = {isa = PBXBuildFile; fileRef = 77CE350F21F6A5CB006ADABA /* DelegationOperationTest.swift */; };
		77CE353721F6A5CB006ADABA /* GetProposalsListRPCTest.swift in Sources */ = {isa = PBXBuildFile; fileRef = 77CE351021F6A5CB006ADABA /* GetProposalsListRPCTest.swift */; };
		77CE353821F6A5CB006ADABA /* GetChainHeadRPCTest.swift in Sources */ = {isa = PBXBuildFile; fileRef = 77CE351121F6A5CB006ADABA /* GetChainHeadRPCTest.swift */; };
		77CE353921F6A5CB006ADABA /* GetBallotsListRPCTest.swift in Sources */ = {isa = PBXBuildFile; fileRef = 77CE351221F6A5CB006ADABA /* GetBallotsListRPCTest.swift */; };
		77CE353A21F6A5CB006ADABA /* TezosBalanceResponseAdapterTest.swift in Sources */ = {isa = PBXBuildFile; fileRef = 77CE351321F6A5CB006ADABA /* TezosBalanceResponseAdapterTest.swift */; };
		77CE353B21F6A5CB006ADABA /* RegisterDelegateOperationTest.swift in Sources */ = {isa = PBXBuildFile; fileRef = 77CE351421F6A5CB006ADABA /* RegisterDelegateOperationTest.swift */; };
		77CE353C21F6A5CB006ADABA /* TransactionOperationTest.swift in Sources */ = {isa = PBXBuildFile; fileRef = 77CE351521F6A5CB006ADABA /* TransactionOperationTest.swift */; };
		77CE353D21F6A5CB006ADABA /* PreapplyOperationRPCTest.swift in Sources */ = {isa = PBXBuildFile; fileRef = 77CE351621F6A5CB006ADABA /* PreapplyOperationRPCTest.swift */; };
		77CE353E21F6A5CB006ADABA /* CryptoTests.swift in Sources */ = {isa = PBXBuildFile; fileRef = 77CE351721F6A5CB006ADABA /* CryptoTests.swift */; };
		77CE353F21F6A5CB006ADABA /* GetChainHeadHashRPCTest.swift in Sources */ = {isa = PBXBuildFile; fileRef = 77CE351821F6A5CB006ADABA /* GetChainHeadHashRPCTest.swift */; };
		77CE354021F6A5CB006ADABA /* IntegerResponseAdapterTest.swift in Sources */ = {isa = PBXBuildFile; fileRef = 77CE351921F6A5CB006ADABA /* IntegerResponseAdapterTest.swift */; };
		77CE354121F6A5CB006ADABA /* JSONArrayResponseAdapterTest.swift in Sources */ = {isa = PBXBuildFile; fileRef = 77CE351A21F6A5CB006ADABA /* JSONArrayResponseAdapterTest.swift */; };
		77CE354221F6A5CB006ADABA /* GetAddressCounterRPCTest.swift in Sources */ = {isa = PBXBuildFile; fileRef = 77CE351B21F6A5CB006ADABA /* GetAddressCounterRPCTest.swift */; };
		77CE354321F6A5CB006ADABA /* JSONUtilsTest.swift in Sources */ = {isa = PBXBuildFile; fileRef = 77CE351C21F6A5CB006ADABA /* JSONUtilsTest.swift */; };
		77CE354421F6A5CB006ADABA /* TezosRPCTest.swift in Sources */ = {isa = PBXBuildFile; fileRef = 77CE351D21F6A5CB006ADABA /* TezosRPCTest.swift */; };
		77CE354521F6A5CB006ADABA /* RevealOperationTest.swift in Sources */ = {isa = PBXBuildFile; fileRef = 77CE351E21F6A5CB006ADABA /* RevealOperationTest.swift */; };
		77CE354621F6A5CB006ADABA /* PeriodKindResponseAdapterTest.swift in Sources */ = {isa = PBXBuildFile; fileRef = 77CE351F21F6A5CB006ADABA /* PeriodKindResponseAdapterTest.swift */; };
		77CE354721F6A5CB006ADABA /* GetDelegateRPCTest.swift in Sources */ = {isa = PBXBuildFile; fileRef = 77CE352021F6A5CB006ADABA /* GetDelegateRPCTest.swift */; };
		77CE354821F6A5CB006ADABA /* UndelegateOperation.swift in Sources */ = {isa = PBXBuildFile; fileRef = 77CE352121F6A5CB006ADABA /* UndelegateOperation.swift */; };
		77CE354921F6A5CB006ADABA /* KeysTests.swift in Sources */ = {isa = PBXBuildFile; fileRef = 77CE352221F6A5CB006ADABA /* KeysTests.swift */; };
		77CE354A21F6A5CB006ADABA /* InjectOperationRPCTest.swift in Sources */ = {isa = PBXBuildFile; fileRef = 77CE352321F6A5CB006ADABA /* InjectOperationRPCTest.swift */; };
		77CE354B21F6A5CB006ADABA /* StringResponseAdapterTest.swift in Sources */ = {isa = PBXBuildFile; fileRef = 77CE352421F6A5CB006ADABA /* StringResponseAdapterTest.swift */; };
		77CE354D21F6A5CB006ADABA /* TezosClientErrorCodesTest.swift in Sources */ = {isa = PBXBuildFile; fileRef = 77CE352621F6A5CB006ADABA /* TezosClientErrorCodesTest.swift */; };
		77CE354E21F6A5CB006ADABA /* GetProposalUnderEvaluationRPCTest.swift in Sources */ = {isa = PBXBuildFile; fileRef = 77CE352721F6A5CB006ADABA /* GetProposalUnderEvaluationRPCTest.swift */; };
		77CE354F21F6A5CB006ADABA /* WalletTests.swift in Sources */ = {isa = PBXBuildFile; fileRef = 77CE352821F6A5CB006ADABA /* WalletTests.swift */; };
		77CE355021F6A5CB006ADABA /* GetBallotsRPCTest.swift in Sources */ = {isa = PBXBuildFile; fileRef = 77CE352921F6A5CB006ADABA /* GetBallotsRPCTest.swift */; };
		77CE355121F6A5CB006ADABA /* GetAddressManagerKeyRPCTest.swift in Sources */ = {isa = PBXBuildFile; fileRef = 77CE352A21F6A5CB006ADABA /* GetAddressManagerKeyRPCTest.swift */; };
		77CE355221F6A5CB006ADABA /* GetCurrentPeriodKindRPCTest.swift in Sources */ = {isa = PBXBuildFile; fileRef = 77CE352B21F6A5CB006ADABA /* GetCurrentPeriodKindRPCTest.swift */; };
		77CE355421F6A5CB006ADABA /* GetVotingDelegateRightsRPCTest.swift in Sources */ = {isa = PBXBuildFile; fileRef = 77CE352D21F6A5CB006ADABA /* GetVotingDelegateRightsRPCTest.swift */; };
		77CE355521F6A5CB006ADABA /* AbstractOperationTest.swift in Sources */ = {isa = PBXBuildFile; fileRef = 77CE352E21F6A5CB006ADABA /* AbstractOperationTest.swift */; };
/* End PBXBuildFile section */

/* Begin PBXContainerItemProxy section */
		77CE350221F6A5BE006ADABA /* PBXContainerItemProxy */ = {
			isa = PBXContainerItemProxy;
			containerPortal = 77CE331621F550E2006ADABA /* Project object */;
			proxyType = 1;
			remoteGlobalIDString = 77CE331E21F550E2006ADABA;
			remoteInfo = TezosKit;
		};
/* End PBXContainerItemProxy section */

/* Begin PBXFileReference section */
		77CE331F21F550E2006ADABA /* TezosKit.framework */ = {isa = PBXFileReference; explicitFileType = wrapper.framework; includeInIndex = 0; path = TezosKit.framework; sourceTree = BUILT_PRODUCTS_DIR; };
		77CE333E21F55294006ADABA /* GetAddressBalanceRPC.swift */ = {isa = PBXFileReference; fileEncoding = 4; lastKnownFileType = sourcecode.swift; path = GetAddressBalanceRPC.swift; sourceTree = "<group>"; };
		77CE333F21F55294006ADABA /* GetChainHeadHashRPC.swift */ = {isa = PBXFileReference; fileEncoding = 4; lastKnownFileType = sourcecode.swift; path = GetChainHeadHashRPC.swift; sourceTree = "<group>"; };
		77CE334021F55294006ADABA /* GetAddressCounterRPC.swift */ = {isa = PBXFileReference; fileEncoding = 4; lastKnownFileType = sourcecode.swift; path = GetAddressCounterRPC.swift; sourceTree = "<group>"; };
		77CE334121F55294006ADABA /* GetBallotsRPC.swift */ = {isa = PBXFileReference; fileEncoding = 4; lastKnownFileType = sourcecode.swift; path = GetBallotsRPC.swift; sourceTree = "<group>"; };
		77CE334221F55294006ADABA /* GetAddressCodeRPC.swift */ = {isa = PBXFileReference; fileEncoding = 4; lastKnownFileType = sourcecode.swift; path = GetAddressCodeRPC.swift; sourceTree = "<group>"; };
		77CE334321F55294006ADABA /* GetProposalsListRPC.swift */ = {isa = PBXFileReference; fileEncoding = 4; lastKnownFileType = sourcecode.swift; path = GetProposalsListRPC.swift; sourceTree = "<group>"; };
		77CE334521F55294006ADABA /* TezosBalanceResponseAdapter.swift */ = {isa = PBXFileReference; fileEncoding = 4; lastKnownFileType = sourcecode.swift; path = TezosBalanceResponseAdapter.swift; sourceTree = "<group>"; };
		77CE334621F55294006ADABA /* ResponseAdapter.swift */ = {isa = PBXFileReference; fileEncoding = 4; lastKnownFileType = sourcecode.swift; path = ResponseAdapter.swift; sourceTree = "<group>"; };
		77CE334721F55294006ADABA /* JSONDictionaryResponseAdapter.swift */ = {isa = PBXFileReference; fileEncoding = 4; lastKnownFileType = sourcecode.swift; path = JSONDictionaryResponseAdapter.swift; sourceTree = "<group>"; };
		77CE334821F55294006ADABA /* AbstractResponseAdapter.swift */ = {isa = PBXFileReference; fileEncoding = 4; lastKnownFileType = sourcecode.swift; path = AbstractResponseAdapter.swift; sourceTree = "<group>"; };
		77CE334921F55294006ADABA /* IntegerResponseAdapter.swift */ = {isa = PBXFileReference; fileEncoding = 4; lastKnownFileType = sourcecode.swift; path = IntegerResponseAdapter.swift; sourceTree = "<group>"; };
		77CE334A21F55294006ADABA /* ContractCodeResponseAdapter.swift */ = {isa = PBXFileReference; fileEncoding = 4; lastKnownFileType = sourcecode.swift; path = ContractCodeResponseAdapter.swift; sourceTree = "<group>"; };
		77CE334B21F55294006ADABA /* PeriodKindResponseAdapter.swift */ = {isa = PBXFileReference; fileEncoding = 4; lastKnownFileType = sourcecode.swift; path = PeriodKindResponseAdapter.swift; sourceTree = "<group>"; };
		77CE334C21F55294006ADABA /* StringResponseAdapter.swift */ = {isa = PBXFileReference; fileEncoding = 4; lastKnownFileType = sourcecode.swift; path = StringResponseAdapter.swift; sourceTree = "<group>"; };
		77CE334D21F55294006ADABA /* JSONArrayResponseAdapter.swift */ = {isa = PBXFileReference; fileEncoding = 4; lastKnownFileType = sourcecode.swift; path = JSONArrayResponseAdapter.swift; sourceTree = "<group>"; };
		77CE334E21F55294006ADABA /* GetChainHeadRPC.swift */ = {isa = PBXFileReference; fileEncoding = 4; lastKnownFileType = sourcecode.swift; path = GetChainHeadRPC.swift; sourceTree = "<group>"; };
		77CE334F21F55294006ADABA /* TezosRPC.swift */ = {isa = PBXFileReference; fileEncoding = 4; lastKnownFileType = sourcecode.swift; path = TezosRPC.swift; sourceTree = "<group>"; };
		77CE335021F55294006ADABA /* InjectOperationRPC.swift */ = {isa = PBXFileReference; fileEncoding = 4; lastKnownFileType = sourcecode.swift; path = InjectOperationRPC.swift; sourceTree = "<group>"; };
		77CE335121F55294006ADABA /* GetAddressManagerKeyRPC.swift */ = {isa = PBXFileReference; fileEncoding = 4; lastKnownFileType = sourcecode.swift; path = GetAddressManagerKeyRPC.swift; sourceTree = "<group>"; };
		77CE335221F55294006ADABA /* GetAddressDelegateRPC.swift */ = {isa = PBXFileReference; fileEncoding = 4; lastKnownFileType = sourcecode.swift; path = GetAddressDelegateRPC.swift; sourceTree = "<group>"; };
		77CE335321F55294006ADABA /* GetProposalUnderEvaluationRPC.swift */ = {isa = PBXFileReference; fileEncoding = 4; lastKnownFileType = sourcecode.swift; path = GetProposalUnderEvaluationRPC.swift; sourceTree = "<group>"; };
		77CE335421F55294006ADABA /* GetCurrentPeriodKindRPC.swift */ = {isa = PBXFileReference; fileEncoding = 4; lastKnownFileType = sourcecode.swift; path = GetCurrentPeriodKindRPC.swift; sourceTree = "<group>"; };
		77CE335521F55294006ADABA /* GetVotingDelegateRightsRPC.swift */ = {isa = PBXFileReference; fileEncoding = 4; lastKnownFileType = sourcecode.swift; path = GetVotingDelegateRightsRPC.swift; sourceTree = "<group>"; };
		77CE335621F55294006ADABA /* GetBallotsListRPC.swift */ = {isa = PBXFileReference; fileEncoding = 4; lastKnownFileType = sourcecode.swift; path = GetBallotsListRPC.swift; sourceTree = "<group>"; };
		77CE335721F55294006ADABA /* ForgeOperationRPC.swift */ = {isa = PBXFileReference; fileEncoding = 4; lastKnownFileType = sourcecode.swift; path = ForgeOperationRPC.swift; sourceTree = "<group>"; };
		77CE335821F55294006ADABA /* PreapplyOperationRPC.swift */ = {isa = PBXFileReference; fileEncoding = 4; lastKnownFileType = sourcecode.swift; path = PreapplyOperationRPC.swift; sourceTree = "<group>"; };
		77CE335921F55294006ADABA /* GetExpectedQuorumRPC.swift */ = {isa = PBXFileReference; fileEncoding = 4; lastKnownFileType = sourcecode.swift; path = GetExpectedQuorumRPC.swift; sourceTree = "<group>"; };
		77CE335B21F55294006ADABA /* JSONUtils.swift */ = {isa = PBXFileReference; fileEncoding = 4; lastKnownFileType = sourcecode.swift; path = JSONUtils.swift; sourceTree = "<group>"; };
		77CE335C21F55294006ADABA /* MnemonicUtil.swift */ = {isa = PBXFileReference; fileEncoding = 4; lastKnownFileType = sourcecode.swift; path = MnemonicUtil.swift; sourceTree = "<group>"; };
		77CE335E21F55294006ADABA /* OriginateAccountOperation.swift */ = {isa = PBXFileReference; fileEncoding = 4; lastKnownFileType = sourcecode.swift; path = OriginateAccountOperation.swift; sourceTree = "<group>"; };
		77CE335F21F55294006ADABA /* DelegationOperation.swift */ = {isa = PBXFileReference; fileEncoding = 4; lastKnownFileType = sourcecode.swift; path = DelegationOperation.swift; sourceTree = "<group>"; };
		77CE336021F55294006ADABA /* AbstractOperation.swift */ = {isa = PBXFileReference; fileEncoding = 4; lastKnownFileType = sourcecode.swift; path = AbstractOperation.swift; sourceTree = "<group>"; };
		77CE336121F55294006ADABA /* RevealOperation.swift */ = {isa = PBXFileReference; fileEncoding = 4; lastKnownFileType = sourcecode.swift; path = RevealOperation.swift; sourceTree = "<group>"; };
		77CE336221F55294006ADABA /* RegisterDelegateOperation.swift */ = {isa = PBXFileReference; fileEncoding = 4; lastKnownFileType = sourcecode.swift; path = RegisterDelegateOperation.swift; sourceTree = "<group>"; };
		77CE336321F55294006ADABA /* UndelegateOperation.swift */ = {isa = PBXFileReference; fileEncoding = 4; lastKnownFileType = sourcecode.swift; path = UndelegateOperation.swift; sourceTree = "<group>"; };
		77CE336421F55294006ADABA /* TransactionOperation.swift */ = {isa = PBXFileReference; fileEncoding = 4; lastKnownFileType = sourcecode.swift; path = TransactionOperation.swift; sourceTree = "<group>"; };
		77CE336521F55294006ADABA /* OperationKind.swift */ = {isa = PBXFileReference; fileEncoding = 4; lastKnownFileType = sourcecode.swift; path = OperationKind.swift; sourceTree = "<group>"; };
		77CE336621F55294006ADABA /* Operation.swift */ = {isa = PBXFileReference; fileEncoding = 4; lastKnownFileType = sourcecode.swift; path = Operation.swift; sourceTree = "<group>"; };
		77CE336821F55294006ADABA /* KeyPair.swift */ = {isa = PBXFileReference; fileEncoding = 4; lastKnownFileType = sourcecode.swift; path = KeyPair.swift; sourceTree = "<group>"; };
		77CE336921F55294006ADABA /* Crypto.swift */ = {isa = PBXFileReference; fileEncoding = 4; lastKnownFileType = sourcecode.swift; path = Crypto.swift; sourceTree = "<group>"; };
		77CE336A21F55294006ADABA /* OperationSigningResult.swift */ = {isa = PBXFileReference; fileEncoding = 4; lastKnownFileType = sourcecode.swift; path = OperationSigningResult.swift; sourceTree = "<group>"; };
		77CE336C21F55294006ADABA /* TezosBalance.swift */ = {isa = PBXFileReference; fileEncoding = 4; lastKnownFileType = sourcecode.swift; path = TezosBalance.swift; sourceTree = "<group>"; };
		77CE336D21F55294006ADABA /* Keys.swift */ = {isa = PBXFileReference; fileEncoding = 4; lastKnownFileType = sourcecode.swift; path = Keys.swift; sourceTree = "<group>"; };
		77CE336E21F55294006ADABA /* OperationMetadata.swift */ = {isa = PBXFileReference; fileEncoding = 4; lastKnownFileType = sourcecode.swift; path = OperationMetadata.swift; sourceTree = "<group>"; };
		77CE336F21F55294006ADABA /* OperationFees.swift */ = {isa = PBXFileReference; fileEncoding = 4; lastKnownFileType = sourcecode.swift; path = OperationFees.swift; sourceTree = "<group>"; };
		77CE337021F55294006ADABA /* PeriodKind.swift */ = {isa = PBXFileReference; fileEncoding = 4; lastKnownFileType = sourcecode.swift; path = PeriodKind.swift; sourceTree = "<group>"; };
		77CE337121F55294006ADABA /* Wallet.swift */ = {isa = PBXFileReference; fileEncoding = 4; lastKnownFileType = sourcecode.swift; path = Wallet.swift; sourceTree = "<group>"; };
		77CE337221F55294006ADABA /* ContractCode.swift */ = {isa = PBXFileReference; fileEncoding = 4; lastKnownFileType = sourcecode.swift; path = ContractCode.swift; sourceTree = "<group>"; };
		77CE337421F55294006ADABA /* TezosClient.swift */ = {isa = PBXFileReference; fileEncoding = 4; lastKnownFileType = sourcecode.swift; path = TezosClient.swift; sourceTree = "<group>"; };
		77CE337521F55294006ADABA /* TezosClientError.swift */ = {isa = PBXFileReference; fileEncoding = 4; lastKnownFileType = sourcecode.swift; path = TezosClientError.swift; sourceTree = "<group>"; };
		77CE337621F55294006ADABA /* TezosKit.h */ = {isa = PBXFileReference; fileEncoding = 4; lastKnownFileType = sourcecode.c.h; path = TezosKit.h; sourceTree = "<group>"; };
		77CE33BA21F555C7006ADABA /* BigInt.framework */ = {isa = PBXFileReference; lastKnownFileType = wrapper.framework; name = BigInt.framework; path = Carthage/Build/iOS/BigInt.framework; sourceTree = "<group>"; };
		77CE33BB21F555C7006ADABA /* MnemonicKit.framework */ = {isa = PBXFileReference; lastKnownFileType = wrapper.framework; name = MnemonicKit.framework; path = Carthage/Build/iOS/MnemonicKit.framework; sourceTree = "<group>"; };
		77CE33BC21F555C7006ADABA /* SipHash.framework */ = {isa = PBXFileReference; lastKnownFileType = wrapper.framework; name = SipHash.framework; path = Carthage/Build/iOS/SipHash.framework; sourceTree = "<group>"; };
		77CE33BD21F555C7006ADABA /* CryptoSwift.framework */ = {isa = PBXFileReference; lastKnownFileType = wrapper.framework; name = CryptoSwift.framework; path = Carthage/Build/iOS/CryptoSwift.framework; sourceTree = "<group>"; };
		77CE33BE21F555C7006ADABA /* Sodium.framework */ = {isa = PBXFileReference; lastKnownFileType = wrapper.framework; name = Sodium.framework; path = Carthage/Build/iOS/Sodium.framework; sourceTree = "<group>"; };
		77CE33C621F5571D006ADABA /* Base58String.swift */ = {isa = PBXFileReference; fileEncoding = 4; lastKnownFileType = sourcecode.swift; path = Base58String.swift; sourceTree = "<group>"; };
		77CE34FC21F6A5BE006ADABA /* TezosKitTests.xctest */ = {isa = PBXFileReference; explicitFileType = wrapper.cfbundle; includeInIndex = 0; path = TezosKitTests.xctest; sourceTree = BUILT_PRODUCTS_DIR; };
		77CE350021F6A5BE006ADABA /* Info.plist */ = {isa = PBXFileReference; lastKnownFileType = text.plist.xml; path = Info.plist; sourceTree = "<group>"; };
		77CE350821F6A5CB006ADABA /* GetExpectedQuorumRPCTest.swift */ = {isa = PBXFileReference; fileEncoding = 4; lastKnownFileType = sourcecode.swift; path = GetExpectedQuorumRPCTest.swift; sourceTree = "<group>"; };
		77CE350921F6A5CB006ADABA /* GetAddressBalanceRPCTest.swift */ = {isa = PBXFileReference; fileEncoding = 4; lastKnownFileType = sourcecode.swift; path = GetAddressBalanceRPCTest.swift; sourceTree = "<group>"; };
		77CE350A21F6A5CB006ADABA /* TezosBalanceTest.swift */ = {isa = PBXFileReference; fileEncoding = 4; lastKnownFileType = sourcecode.swift; path = TezosBalanceTest.swift; sourceTree = "<group>"; };
		77CE350B21F6A5CB006ADABA /* JSONDictionaryResponseAdapterTest.swift */ = {isa = PBXFileReference; fileEncoding = 4; lastKnownFileType = sourcecode.swift; path = JSONDictionaryResponseAdapterTest.swift; sourceTree = "<group>"; };
		77CE350C21F6A5CB006ADABA /* OriginateAccountOperation.swift */ = {isa = PBXFileReference; fileEncoding = 4; lastKnownFileType = sourcecode.swift; path = OriginateAccountOperation.swift; sourceTree = "<group>"; };
		77CE350D21F6A5CB006ADABA /* ForgeOperationRPCTest.swift */ = {isa = PBXFileReference; fileEncoding = 4; lastKnownFileType = sourcecode.swift; path = ForgeOperationRPCTest.swift; sourceTree = "<group>"; };
		77CE350E21F6A5CB006ADABA /* MnemonicUtilsTest.swift */ = {isa = PBXFileReference; fileEncoding = 4; lastKnownFileType = sourcecode.swift; path = MnemonicUtilsTest.swift; sourceTree = "<group>"; };
		77CE350F21F6A5CB006ADABA /* DelegationOperationTest.swift */ = {isa = PBXFileReference; fileEncoding = 4; lastKnownFileType = sourcecode.swift; path = DelegationOperationTest.swift; sourceTree = "<group>"; };
		77CE351021F6A5CB006ADABA /* GetProposalsListRPCTest.swift */ = {isa = PBXFileReference; fileEncoding = 4; lastKnownFileType = sourcecode.swift; path = GetProposalsListRPCTest.swift; sourceTree = "<group>"; };
		77CE351121F6A5CB006ADABA /* GetChainHeadRPCTest.swift */ = {isa = PBXFileReference; fileEncoding = 4; lastKnownFileType = sourcecode.swift; path = GetChainHeadRPCTest.swift; sourceTree = "<group>"; };
		77CE351221F6A5CB006ADABA /* GetBallotsListRPCTest.swift */ = {isa = PBXFileReference; fileEncoding = 4; lastKnownFileType = sourcecode.swift; path = GetBallotsListRPCTest.swift; sourceTree = "<group>"; };
		77CE351321F6A5CB006ADABA /* TezosBalanceResponseAdapterTest.swift */ = {isa = PBXFileReference; fileEncoding = 4; lastKnownFileType = sourcecode.swift; path = TezosBalanceResponseAdapterTest.swift; sourceTree = "<group>"; };
		77CE351421F6A5CB006ADABA /* RegisterDelegateOperationTest.swift */ = {isa = PBXFileReference; fileEncoding = 4; lastKnownFileType = sourcecode.swift; path = RegisterDelegateOperationTest.swift; sourceTree = "<group>"; };
		77CE351521F6A5CB006ADABA /* TransactionOperationTest.swift */ = {isa = PBXFileReference; fileEncoding = 4; lastKnownFileType = sourcecode.swift; path = TransactionOperationTest.swift; sourceTree = "<group>"; };
		77CE351621F6A5CB006ADABA /* PreapplyOperationRPCTest.swift */ = {isa = PBXFileReference; fileEncoding = 4; lastKnownFileType = sourcecode.swift; path = PreapplyOperationRPCTest.swift; sourceTree = "<group>"; };
		77CE351721F6A5CB006ADABA /* CryptoTests.swift */ = {isa = PBXFileReference; fileEncoding = 4; lastKnownFileType = sourcecode.swift; path = CryptoTests.swift; sourceTree = "<group>"; };
		77CE351821F6A5CB006ADABA /* GetChainHeadHashRPCTest.swift */ = {isa = PBXFileReference; fileEncoding = 4; lastKnownFileType = sourcecode.swift; path = GetChainHeadHashRPCTest.swift; sourceTree = "<group>"; };
		77CE351921F6A5CB006ADABA /* IntegerResponseAdapterTest.swift */ = {isa = PBXFileReference; fileEncoding = 4; lastKnownFileType = sourcecode.swift; path = IntegerResponseAdapterTest.swift; sourceTree = "<group>"; };
		77CE351A21F6A5CB006ADABA /* JSONArrayResponseAdapterTest.swift */ = {isa = PBXFileReference; fileEncoding = 4; lastKnownFileType = sourcecode.swift; path = JSONArrayResponseAdapterTest.swift; sourceTree = "<group>"; };
		77CE351B21F6A5CB006ADABA /* GetAddressCounterRPCTest.swift */ = {isa = PBXFileReference; fileEncoding = 4; lastKnownFileType = sourcecode.swift; path = GetAddressCounterRPCTest.swift; sourceTree = "<group>"; };
		77CE351C21F6A5CB006ADABA /* JSONUtilsTest.swift */ = {isa = PBXFileReference; fileEncoding = 4; lastKnownFileType = sourcecode.swift; path = JSONUtilsTest.swift; sourceTree = "<group>"; };
		77CE351D21F6A5CB006ADABA /* TezosRPCTest.swift */ = {isa = PBXFileReference; fileEncoding = 4; lastKnownFileType = sourcecode.swift; path = TezosRPCTest.swift; sourceTree = "<group>"; };
		77CE351E21F6A5CB006ADABA /* RevealOperationTest.swift */ = {isa = PBXFileReference; fileEncoding = 4; lastKnownFileType = sourcecode.swift; path = RevealOperationTest.swift; sourceTree = "<group>"; };
		77CE351F21F6A5CB006ADABA /* PeriodKindResponseAdapterTest.swift */ = {isa = PBXFileReference; fileEncoding = 4; lastKnownFileType = sourcecode.swift; path = PeriodKindResponseAdapterTest.swift; sourceTree = "<group>"; };
		77CE352021F6A5CB006ADABA /* GetDelegateRPCTest.swift */ = {isa = PBXFileReference; fileEncoding = 4; lastKnownFileType = sourcecode.swift; path = GetDelegateRPCTest.swift; sourceTree = "<group>"; };
		77CE352121F6A5CB006ADABA /* UndelegateOperation.swift */ = {isa = PBXFileReference; fileEncoding = 4; lastKnownFileType = sourcecode.swift; path = UndelegateOperation.swift; sourceTree = "<group>"; };
		77CE352221F6A5CB006ADABA /* KeysTests.swift */ = {isa = PBXFileReference; fileEncoding = 4; lastKnownFileType = sourcecode.swift; path = KeysTests.swift; sourceTree = "<group>"; };
		77CE352321F6A5CB006ADABA /* InjectOperationRPCTest.swift */ = {isa = PBXFileReference; fileEncoding = 4; lastKnownFileType = sourcecode.swift; path = InjectOperationRPCTest.swift; sourceTree = "<group>"; };
		77CE352421F6A5CB006ADABA /* StringResponseAdapterTest.swift */ = {isa = PBXFileReference; fileEncoding = 4; lastKnownFileType = sourcecode.swift; path = StringResponseAdapterTest.swift; sourceTree = "<group>"; };
		77CE352621F6A5CB006ADABA /* TezosClientErrorCodesTest.swift */ = {isa = PBXFileReference; fileEncoding = 4; lastKnownFileType = sourcecode.swift; path = TezosClientErrorCodesTest.swift; sourceTree = "<group>"; };
		77CE352721F6A5CB006ADABA /* GetProposalUnderEvaluationRPCTest.swift */ = {isa = PBXFileReference; fileEncoding = 4; lastKnownFileType = sourcecode.swift; path = GetProposalUnderEvaluationRPCTest.swift; sourceTree = "<group>"; };
		77CE352821F6A5CB006ADABA /* WalletTests.swift */ = {isa = PBXFileReference; fileEncoding = 4; lastKnownFileType = sourcecode.swift; path = WalletTests.swift; sourceTree = "<group>"; };
		77CE352921F6A5CB006ADABA /* GetBallotsRPCTest.swift */ = {isa = PBXFileReference; fileEncoding = 4; lastKnownFileType = sourcecode.swift; path = GetBallotsRPCTest.swift; sourceTree = "<group>"; };
		77CE352A21F6A5CB006ADABA /* GetAddressManagerKeyRPCTest.swift */ = {isa = PBXFileReference; fileEncoding = 4; lastKnownFileType = sourcecode.swift; path = GetAddressManagerKeyRPCTest.swift; sourceTree = "<group>"; };
		77CE352B21F6A5CB006ADABA /* GetCurrentPeriodKindRPCTest.swift */ = {isa = PBXFileReference; fileEncoding = 4; lastKnownFileType = sourcecode.swift; path = GetCurrentPeriodKindRPCTest.swift; sourceTree = "<group>"; };
		77CE352D21F6A5CB006ADABA /* GetVotingDelegateRightsRPCTest.swift */ = {isa = PBXFileReference; fileEncoding = 4; lastKnownFileType = sourcecode.swift; path = GetVotingDelegateRightsRPCTest.swift; sourceTree = "<group>"; };
		77CE352E21F6A5CB006ADABA /* AbstractOperationTest.swift */ = {isa = PBXFileReference; fileEncoding = 4; lastKnownFileType = sourcecode.swift; path = AbstractOperationTest.swift; sourceTree = "<group>"; };
/* End PBXFileReference section */

/* Begin PBXFrameworksBuildPhase section */
		77CE331C21F550E2006ADABA /* Frameworks */ = {
			isa = PBXFrameworksBuildPhase;
			buildActionMask = 2147483647;
			files = (
				77CE33BF21F555C7006ADABA /* BigInt.framework in Frameworks */,
				77CE33C021F555C7006ADABA /* MnemonicKit.framework in Frameworks */,
				77CE33C321F555C7006ADABA /* Sodium.framework in Frameworks */,
			);
			runOnlyForDeploymentPostprocessing = 0;
		};
		77CE34F921F6A5BE006ADABA /* Frameworks */ = {
			isa = PBXFrameworksBuildPhase;
			buildActionMask = 2147483647;
			files = (
				77CE350121F6A5BE006ADABA /* TezosKit.framework in Frameworks */,
			);
			runOnlyForDeploymentPostprocessing = 0;
		};
/* End PBXFrameworksBuildPhase section */

/* Begin PBXGroup section */
		77CE331521F550E2006ADABA = {
			isa = PBXGroup;
			children = (
				77CE33C421F5571D006ADABA /* Base58String */,
				77CE332121F550E2006ADABA /* TezosKit */,
				77CE34FD21F6A5BE006ADABA /* Tests */,
				77CE332021F550E2006ADABA /* Products */,
				77CE33B921F555C7006ADABA /* Frameworks */,
			);
			sourceTree = "<group>";
		};
		77CE332021F550E2006ADABA /* Products */ = {
			isa = PBXGroup;
			children = (
				77CE331F21F550E2006ADABA /* TezosKit.framework */,
				77CE34FC21F6A5BE006ADABA /* TezosKitTests.xctest */,
			);
			name = Products;
			sourceTree = "<group>";
		};
		77CE332121F550E2006ADABA /* TezosKit */ = {
			isa = PBXGroup;
			children = (
				77CE337321F55294006ADABA /* Client */,
				77CE336721F55294006ADABA /* Cryptography */,
				77CE336B21F55294006ADABA /* Models */,
				77CE335D21F55294006ADABA /* Operation */,
				77CE333D21F55294006ADABA /* RPC */,
				77CE337621F55294006ADABA /* TezosKit.h */,
				77CE335A21F55294006ADABA /* Utils */,
			);
			path = TezosKit;
			sourceTree = "<group>";
		};
		77CE333D21F55294006ADABA /* RPC */ = {
			isa = PBXGroup;
			children = (
				77CE333E21F55294006ADABA /* GetAddressBalanceRPC.swift */,
				77CE333F21F55294006ADABA /* GetChainHeadHashRPC.swift */,
				77CE334021F55294006ADABA /* GetAddressCounterRPC.swift */,
				77CE334121F55294006ADABA /* GetBallotsRPC.swift */,
				77CE334221F55294006ADABA /* GetAddressCodeRPC.swift */,
				77CE334321F55294006ADABA /* GetProposalsListRPC.swift */,
				77CE334421F55294006ADABA /* ResponseAdapters */,
				77CE334E21F55294006ADABA /* GetChainHeadRPC.swift */,
				77CE334F21F55294006ADABA /* TezosRPC.swift */,
				77CE335021F55294006ADABA /* InjectOperationRPC.swift */,
				77CE335121F55294006ADABA /* GetAddressManagerKeyRPC.swift */,
				77CE335221F55294006ADABA /* GetAddressDelegateRPC.swift */,
				77CE335321F55294006ADABA /* GetProposalUnderEvaluationRPC.swift */,
				77CE335421F55294006ADABA /* GetCurrentPeriodKindRPC.swift */,
				77CE335521F55294006ADABA /* GetVotingDelegateRightsRPC.swift */,
				77CE335621F55294006ADABA /* GetBallotsListRPC.swift */,
				77CE335721F55294006ADABA /* ForgeOperationRPC.swift */,
				77CE335821F55294006ADABA /* PreapplyOperationRPC.swift */,
				77CE335921F55294006ADABA /* GetExpectedQuorumRPC.swift */,
			);
			path = RPC;
			sourceTree = "<group>";
		};
		77CE334421F55294006ADABA /* ResponseAdapters */ = {
			isa = PBXGroup;
			children = (
				77CE334521F55294006ADABA /* TezosBalanceResponseAdapter.swift */,
				77CE334621F55294006ADABA /* ResponseAdapter.swift */,
				77CE334721F55294006ADABA /* JSONDictionaryResponseAdapter.swift */,
				77CE334821F55294006ADABA /* AbstractResponseAdapter.swift */,
				77CE334921F55294006ADABA /* IntegerResponseAdapter.swift */,
				77CE334A21F55294006ADABA /* ContractCodeResponseAdapter.swift */,
				77CE334B21F55294006ADABA /* PeriodKindResponseAdapter.swift */,
				77CE334C21F55294006ADABA /* StringResponseAdapter.swift */,
				77CE334D21F55294006ADABA /* JSONArrayResponseAdapter.swift */,
			);
			path = ResponseAdapters;
			sourceTree = "<group>";
		};
		77CE335A21F55294006ADABA /* Utils */ = {
			isa = PBXGroup;
			children = (
				77CE335B21F55294006ADABA /* JSONUtils.swift */,
				77CE335C21F55294006ADABA /* MnemonicUtil.swift */,
			);
			path = Utils;
			sourceTree = "<group>";
		};
		77CE335D21F55294006ADABA /* Operation */ = {
			isa = PBXGroup;
			children = (
				77CE335E21F55294006ADABA /* OriginateAccountOperation.swift */,
				77CE335F21F55294006ADABA /* DelegationOperation.swift */,
				77CE336021F55294006ADABA /* AbstractOperation.swift */,
				77CE336121F55294006ADABA /* RevealOperation.swift */,
				77CE336221F55294006ADABA /* RegisterDelegateOperation.swift */,
				77CE336321F55294006ADABA /* UndelegateOperation.swift */,
				77CE336421F55294006ADABA /* TransactionOperation.swift */,
				77CE336521F55294006ADABA /* OperationKind.swift */,
				77CE336621F55294006ADABA /* Operation.swift */,
			);
			path = Operation;
			sourceTree = "<group>";
		};
		77CE336721F55294006ADABA /* Cryptography */ = {
			isa = PBXGroup;
			children = (
				77CE336821F55294006ADABA /* KeyPair.swift */,
				77CE336921F55294006ADABA /* Crypto.swift */,
				77CE336A21F55294006ADABA /* OperationSigningResult.swift */,
			);
			path = Cryptography;
			sourceTree = "<group>";
		};
		77CE336B21F55294006ADABA /* Models */ = {
			isa = PBXGroup;
			children = (
				77CE336C21F55294006ADABA /* TezosBalance.swift */,
				77CE336D21F55294006ADABA /* Keys.swift */,
				77CE336E21F55294006ADABA /* OperationMetadata.swift */,
				77CE336F21F55294006ADABA /* OperationFees.swift */,
				77CE337021F55294006ADABA /* PeriodKind.swift */,
				77CE337121F55294006ADABA /* Wallet.swift */,
				77CE337221F55294006ADABA /* ContractCode.swift */,
			);
			path = Models;
			sourceTree = "<group>";
		};
		77CE337321F55294006ADABA /* Client */ = {
			isa = PBXGroup;
			children = (
				77CE337421F55294006ADABA /* TezosClient.swift */,
				77CE337521F55294006ADABA /* TezosClientError.swift */,
			);
			path = Client;
			sourceTree = "<group>";
		};
		77CE33B921F555C7006ADABA /* Frameworks */ = {
			isa = PBXGroup;
			children = (
				77CE33BA21F555C7006ADABA /* BigInt.framework */,
				77CE33BD21F555C7006ADABA /* CryptoSwift.framework */,
				77CE33BB21F555C7006ADABA /* MnemonicKit.framework */,
				77CE33BC21F555C7006ADABA /* SipHash.framework */,
				77CE33BE21F555C7006ADABA /* Sodium.framework */,
			);
			name = Frameworks;
			sourceTree = "<group>";
		};
		77CE33C421F5571D006ADABA /* Base58String */ = {
			isa = PBXGroup;
			children = (
				77CE33C621F5571D006ADABA /* Base58String.swift */,
			);
			path = Base58String;
			sourceTree = SOURCE_ROOT;
		};
		77CE34FD21F6A5BE006ADABA /* Tests */ = {
			isa = PBXGroup;
			children = (
				77CE350821F6A5CB006ADABA /* GetExpectedQuorumRPCTest.swift */,
				77CE350921F6A5CB006ADABA /* GetAddressBalanceRPCTest.swift */,
				77CE350A21F6A5CB006ADABA /* TezosBalanceTest.swift */,
				77CE350B21F6A5CB006ADABA /* JSONDictionaryResponseAdapterTest.swift */,
				77CE350C21F6A5CB006ADABA /* OriginateAccountOperation.swift */,
				77CE350D21F6A5CB006ADABA /* ForgeOperationRPCTest.swift */,
				77CE350E21F6A5CB006ADABA /* MnemonicUtilsTest.swift */,
				77CE350F21F6A5CB006ADABA /* DelegationOperationTest.swift */,
				77CE351021F6A5CB006ADABA /* GetProposalsListRPCTest.swift */,
				77CE351121F6A5CB006ADABA /* GetChainHeadRPCTest.swift */,
				77CE351221F6A5CB006ADABA /* GetBallotsListRPCTest.swift */,
				77CE351321F6A5CB006ADABA /* TezosBalanceResponseAdapterTest.swift */,
				77CE351421F6A5CB006ADABA /* RegisterDelegateOperationTest.swift */,
				77CE351521F6A5CB006ADABA /* TransactionOperationTest.swift */,
				77CE351621F6A5CB006ADABA /* PreapplyOperationRPCTest.swift */,
				77CE351721F6A5CB006ADABA /* CryptoTests.swift */,
				77CE351821F6A5CB006ADABA /* GetChainHeadHashRPCTest.swift */,
				77CE351921F6A5CB006ADABA /* IntegerResponseAdapterTest.swift */,
				77CE351A21F6A5CB006ADABA /* JSONArrayResponseAdapterTest.swift */,
				77CE351B21F6A5CB006ADABA /* GetAddressCounterRPCTest.swift */,
				77CE351C21F6A5CB006ADABA /* JSONUtilsTest.swift */,
				77CE351D21F6A5CB006ADABA /* TezosRPCTest.swift */,
				77CE351E21F6A5CB006ADABA /* RevealOperationTest.swift */,
				77CE351F21F6A5CB006ADABA /* PeriodKindResponseAdapterTest.swift */,
				77CE352021F6A5CB006ADABA /* GetDelegateRPCTest.swift */,
				77CE352121F6A5CB006ADABA /* UndelegateOperation.swift */,
				77CE352221F6A5CB006ADABA /* KeysTests.swift */,
				77CE352321F6A5CB006ADABA /* InjectOperationRPCTest.swift */,
				77CE352421F6A5CB006ADABA /* StringResponseAdapterTest.swift */,
				77CE352621F6A5CB006ADABA /* TezosClientErrorCodesTest.swift */,
				77CE352721F6A5CB006ADABA /* GetProposalUnderEvaluationRPCTest.swift */,
				77CE352821F6A5CB006ADABA /* WalletTests.swift */,
				77CE352921F6A5CB006ADABA /* GetBallotsRPCTest.swift */,
				77CE352A21F6A5CB006ADABA /* GetAddressManagerKeyRPCTest.swift */,
				77CE352B21F6A5CB006ADABA /* GetCurrentPeriodKindRPCTest.swift */,
				77CE352D21F6A5CB006ADABA /* GetVotingDelegateRightsRPCTest.swift */,
				77CE352E21F6A5CB006ADABA /* AbstractOperationTest.swift */,
				77CE350021F6A5BE006ADABA /* Info.plist */,
			);
			path = Tests;
			sourceTree = "<group>";
		};
/* End PBXGroup section */

/* Begin PBXHeadersBuildPhase section */
		77CE331A21F550E2006ADABA /* Headers */ = {
			isa = PBXHeadersBuildPhase;
			buildActionMask = 2147483647;
			files = (
			);
			runOnlyForDeploymentPostprocessing = 0;
		};
/* End PBXHeadersBuildPhase section */

/* Begin PBXNativeTarget section */
		77CE331E21F550E2006ADABA /* TezosKit */ = {
			isa = PBXNativeTarget;
			buildConfigurationList = 77CE333321F550E2006ADABA /* Build configuration list for PBXNativeTarget "TezosKit" */;
			buildPhases = (
				77CE331A21F550E2006ADABA /* Headers */,
				77CE331B21F550E2006ADABA /* Sources */,
				77CE331C21F550E2006ADABA /* Frameworks */,
				77CE331D21F550E2006ADABA /* Resources */,
			);
			buildRules = (
			);
			dependencies = (
			);
			name = TezosKit;
			productName = TezosKit;
			productReference = 77CE331F21F550E2006ADABA /* TezosKit.framework */;
			productType = "com.apple.product-type.framework";
		};
		77CE34FB21F6A5BE006ADABA /* TezosKitTests */ = {
			isa = PBXNativeTarget;
			buildConfigurationList = 77CE350421F6A5BE006ADABA /* Build configuration list for PBXNativeTarget "TezosKitTests" */;
			buildPhases = (
				77CE34F821F6A5BE006ADABA /* Sources */,
				77CE34F921F6A5BE006ADABA /* Frameworks */,
				77CE34FA21F6A5BE006ADABA /* Resources */,
			);
			buildRules = (
			);
			dependencies = (
				77CE350321F6A5BE006ADABA /* PBXTargetDependency */,
			);
			name = TezosKitTests;
			productName = TezosKitTests2;
			productReference = 77CE34FC21F6A5BE006ADABA /* TezosKitTests.xctest */;
			productType = "com.apple.product-type.bundle.unit-test";
		};
/* End PBXNativeTarget section */

/* Begin PBXProject section */
		77CE331621F550E2006ADABA /* Project object */ = {
			isa = PBXProject;
			attributes = {
				LastSwiftUpdateCheck = 1010;
				LastUpgradeCheck = 1010;
				ORGANIZATIONNAME = "Keefer Taylor";
				TargetAttributes = {
					77CE331E21F550E2006ADABA = {
						CreatedOnToolsVersion = 10.1;
					};
					77CE34FB21F6A5BE006ADABA = {
						CreatedOnToolsVersion = 10.1;
					};
				};
			};
			buildConfigurationList = 77CE331921F550E2006ADABA /* Build configuration list for PBXProject "TezosKit" */;
			compatibilityVersion = "Xcode 9.3";
			developmentRegion = en;
			hasScannedForEncodings = 0;
			knownRegions = (
				en,
				Base,
			);
			mainGroup = 77CE331521F550E2006ADABA;
			productRefGroup = 77CE332021F550E2006ADABA /* Products */;
			projectDirPath = "";
			projectRoot = "";
			targets = (
				77CE331E21F550E2006ADABA /* TezosKit */,
				77CE34FB21F6A5BE006ADABA /* TezosKitTests */,
			);
		};
/* End PBXProject section */

/* Begin PBXResourcesBuildPhase section */
		77CE331D21F550E2006ADABA /* Resources */ = {
			isa = PBXResourcesBuildPhase;
			buildActionMask = 2147483647;
			files = (
			);
			runOnlyForDeploymentPostprocessing = 0;
		};
		77CE34FA21F6A5BE006ADABA /* Resources */ = {
			isa = PBXResourcesBuildPhase;
			buildActionMask = 2147483647;
			files = (
			);
			runOnlyForDeploymentPostprocessing = 0;
		};
/* End PBXResourcesBuildPhase section */

/* Begin PBXSourcesBuildPhase section */
		77CE331B21F550E2006ADABA /* Sources */ = {
			isa = PBXSourcesBuildPhase;
			buildActionMask = 2147483647;
			files = (
				77CE338B21F55295006ADABA /* IntegerResponseAdapter.swift in Sources */,
				77CE339121F55295006ADABA /* TezosRPC.swift in Sources */,
				77CE338921F55295006ADABA /* JSONDictionaryResponseAdapter.swift in Sources */,
				77CE338D21F55295006ADABA /* PeriodKindResponseAdapter.swift in Sources */,
				77CE339821F55295006ADABA /* GetBallotsListRPC.swift in Sources */,
				77CE33B121F55295006ADABA /* TezosClient.swift in Sources */,
				77CE339D21F55295006ADABA /* MnemonicUtil.swift in Sources */,
				77CE33A121F55295006ADABA /* RevealOperation.swift in Sources */,
				77CE33C821F5571D006ADABA /* Base58String.swift in Sources */,
				77CE338821F55295006ADABA /* ResponseAdapter.swift in Sources */,
				77CE338C21F55295006ADABA /* ContractCodeResponseAdapter.swift in Sources */,
				77CE338E21F55295006ADABA /* StringResponseAdapter.swift in Sources */,
				77CE339721F55295006ADABA /* GetVotingDelegateRightsRPC.swift in Sources */,
				77CE33AB21F55295006ADABA /* Keys.swift in Sources */,
				77CE339E21F55295006ADABA /* OriginateAccountOperation.swift in Sources */,
				77CE339321F55295006ADABA /* GetAddressManagerKeyRPC.swift in Sources */,
				77CE339F21F55295006ADABA /* DelegationOperation.swift in Sources */,
				77CE339421F55295006ADABA /* GetAddressDelegateRPC.swift in Sources */,
				77CE33AC21F55295006ADABA /* OperationMetadata.swift in Sources */,
				77CE33AD21F55295006ADABA /* OperationFees.swift in Sources */,
				77CE33AF21F55295006ADABA /* Wallet.swift in Sources */,
				77CE33A721F55295006ADABA /* KeyPair.swift in Sources */,
				77CE338F21F55295006ADABA /* JSONArrayResponseAdapter.swift in Sources */,
				77CE33A421F55295006ADABA /* TransactionOperation.swift in Sources */,
				77CE33B021F55295006ADABA /* ContractCode.swift in Sources */,
				77CE338721F55295006ADABA /* TezosBalanceResponseAdapter.swift in Sources */,
				77CE338421F55295006ADABA /* GetBallotsRPC.swift in Sources */,
				77CE33AA21F55295006ADABA /* TezosBalance.swift in Sources */,
				77CE33AE21F55295006ADABA /* PeriodKind.swift in Sources */,
				77CE338221F55295006ADABA /* GetChainHeadHashRPC.swift in Sources */,
				77CE33B221F55295006ADABA /* TezosClientError.swift in Sources */,
				77CE339621F55295006ADABA /* GetCurrentPeriodKindRPC.swift in Sources */,
				77CE339521F55295006ADABA /* GetProposalUnderEvaluationRPC.swift in Sources */,
				77CE339021F55295006ADABA /* GetChainHeadRPC.swift in Sources */,
				77CE338621F55295006ADABA /* GetProposalsListRPC.swift in Sources */,
				77CE338521F55295006ADABA /* GetAddressCodeRPC.swift in Sources */,
				77CE33A521F55295006ADABA /* OperationKind.swift in Sources */,
				77CE33A021F55295006ADABA /* AbstractOperation.swift in Sources */,
				77CE33A621F55295006ADABA /* Operation.swift in Sources */,
				77CE339921F55295006ADABA /* ForgeOperationRPC.swift in Sources */,
				77CE339C21F55295006ADABA /* JSONUtils.swift in Sources */,
				77CE338321F55295006ADABA /* GetAddressCounterRPC.swift in Sources */,
				77CE33A821F55295006ADABA /* Crypto.swift in Sources */,
				77CE33A921F55295006ADABA /* OperationSigningResult.swift in Sources */,
				77CE339A21F55295006ADABA /* PreapplyOperationRPC.swift in Sources */,
				77CE33A221F55295006ADABA /* RegisterDelegateOperation.swift in Sources */,
				77CE338A21F55295006ADABA /* AbstractResponseAdapter.swift in Sources */,
				77CE33A321F55295006ADABA /* UndelegateOperation.swift in Sources */,
				77CE339221F55295006ADABA /* InjectOperationRPC.swift in Sources */,
				77CE338121F55295006ADABA /* GetAddressBalanceRPC.swift in Sources */,
				77CE339B21F55295006ADABA /* GetExpectedQuorumRPC.swift in Sources */,
			);
			runOnlyForDeploymentPostprocessing = 0;
		};
		77CE34F821F6A5BE006ADABA /* Sources */ = {
			isa = PBXSourcesBuildPhase;
			buildActionMask = 2147483647;
			files = (
				77CE354621F6A5CB006ADABA /* PeriodKindResponseAdapterTest.swift in Sources */,
				77CE353121F6A5CB006ADABA /* TezosBalanceTest.swift in Sources */,
				77CE353C21F6A5CB006ADABA /* TransactionOperationTest.swift in Sources */,
				77CE354721F6A5CB006ADABA /* GetDelegateRPCTest.swift in Sources */,
				77CE353521F6A5CB006ADABA /* MnemonicUtilsTest.swift in Sources */,
				77CE354B21F6A5CB006ADABA /* StringResponseAdapterTest.swift in Sources */,
				77CE354D21F6A5CB006ADABA /* TezosClientErrorCodesTest.swift in Sources */,
				77CE354E21F6A5CB006ADABA /* GetProposalUnderEvaluationRPCTest.swift in Sources */,
				77CE354921F6A5CB006ADABA /* KeysTests.swift in Sources */,
				77CE353721F6A5CB006ADABA /* GetProposalsListRPCTest.swift in Sources */,
				77CE354421F6A5CB006ADABA /* TezosRPCTest.swift in Sources */,
				77CE353F21F6A5CB006ADABA /* GetChainHeadHashRPCTest.swift in Sources */,
				77CE354F21F6A5CB006ADABA /* WalletTests.swift in Sources */,
				77CE354821F6A5CB006ADABA /* UndelegateOperation.swift in Sources */,
				77CE354321F6A5CB006ADABA /* JSONUtilsTest.swift in Sources */,
				77CE354A21F6A5CB006ADABA /* InjectOperationRPCTest.swift in Sources */,
				77CE353A21F6A5CB006ADABA /* TezosBalanceResponseAdapterTest.swift in Sources */,
				77CE353821F6A5CB006ADABA /* GetChainHeadRPCTest.swift in Sources */,
				77CE353421F6A5CB006ADABA /* ForgeOperationRPCTest.swift in Sources */,
				77CE355521F6A5CB006ADABA /* AbstractOperationTest.swift in Sources */,
				77CE353221F6A5CB006ADABA /* JSONDictionaryResponseAdapterTest.swift in Sources */,
				77CE353B21F6A5CB006ADABA /* RegisterDelegateOperationTest.swift in Sources */,
				77CE353021F6A5CB006ADABA /* GetAddressBalanceRPCTest.swift in Sources */,
				77CE353E21F6A5CB006ADABA /* CryptoTests.swift in Sources */,
				77CE353621F6A5CB006ADABA /* DelegationOperationTest.swift in Sources */,
				77CE353921F6A5CB006ADABA /* GetBallotsListRPCTest.swift in Sources */,
				77CE354121F6A5CB006ADABA /* JSONArrayResponseAdapterTest.swift in Sources */,
				77CE355221F6A5CB006ADABA /* GetCurrentPeriodKindRPCTest.swift in Sources */,
				77CE354221F6A5CB006ADABA /* GetAddressCounterRPCTest.swift in Sources */,
				77CE353D21F6A5CB006ADABA /* PreapplyOperationRPCTest.swift in Sources */,
				77CE354521F6A5CB006ADABA /* RevealOperationTest.swift in Sources */,
				77CE353321F6A5CB006ADABA /* OriginateAccountOperation.swift in Sources */,
				77CE355421F6A5CB006ADABA /* GetVotingDelegateRightsRPCTest.swift in Sources */,
				77CE352F21F6A5CB006ADABA /* GetExpectedQuorumRPCTest.swift in Sources */,
				77CE355121F6A5CB006ADABA /* GetAddressManagerKeyRPCTest.swift in Sources */,
				77CE354021F6A5CB006ADABA /* IntegerResponseAdapterTest.swift in Sources */,
				77CE355021F6A5CB006ADABA /* GetBallotsRPCTest.swift in Sources */,
			);
			runOnlyForDeploymentPostprocessing = 0;
		};
/* End PBXSourcesBuildPhase section */

/* Begin PBXTargetDependency section */
		77CE350321F6A5BE006ADABA /* PBXTargetDependency */ = {
			isa = PBXTargetDependency;
			target = 77CE331E21F550E2006ADABA /* TezosKit */;
			targetProxy = 77CE350221F6A5BE006ADABA /* PBXContainerItemProxy */;
		};
/* End PBXTargetDependency section */

/* Begin XCBuildConfiguration section */
		77CE333121F550E2006ADABA /* Debug */ = {
			isa = XCBuildConfiguration;
			buildSettings = {
				ALWAYS_SEARCH_USER_PATHS = NO;
				CLANG_ANALYZER_NONNULL = YES;
				CLANG_ANALYZER_NUMBER_OBJECT_CONVERSION = YES_AGGRESSIVE;
				CLANG_CXX_LANGUAGE_STANDARD = "gnu++14";
				CLANG_CXX_LIBRARY = "libc++";
				CLANG_ENABLE_MODULES = YES;
				CLANG_ENABLE_OBJC_ARC = YES;
				CLANG_ENABLE_OBJC_WEAK = YES;
				CLANG_WARN_BLOCK_CAPTURE_AUTORELEASING = YES;
				CLANG_WARN_BOOL_CONVERSION = YES;
				CLANG_WARN_COMMA = YES;
				CLANG_WARN_CONSTANT_CONVERSION = YES;
				CLANG_WARN_DEPRECATED_OBJC_IMPLEMENTATIONS = YES;
				CLANG_WARN_DIRECT_OBJC_ISA_USAGE = YES_ERROR;
				CLANG_WARN_DOCUMENTATION_COMMENTS = YES;
				CLANG_WARN_EMPTY_BODY = YES;
				CLANG_WARN_ENUM_CONVERSION = YES;
				CLANG_WARN_INFINITE_RECURSION = YES;
				CLANG_WARN_INT_CONVERSION = YES;
				CLANG_WARN_NON_LITERAL_NULL_CONVERSION = YES;
				CLANG_WARN_OBJC_IMPLICIT_RETAIN_SELF = YES;
				CLANG_WARN_OBJC_LITERAL_CONVERSION = YES;
				CLANG_WARN_OBJC_ROOT_CLASS = YES_ERROR;
				CLANG_WARN_RANGE_LOOP_ANALYSIS = YES;
				CLANG_WARN_STRICT_PROTOTYPES = YES;
				CLANG_WARN_SUSPICIOUS_MOVE = YES;
				CLANG_WARN_UNGUARDED_AVAILABILITY = YES_AGGRESSIVE;
				CLANG_WARN_UNREACHABLE_CODE = YES;
				CLANG_WARN__DUPLICATE_METHOD_MATCH = YES;
				CODE_SIGN_IDENTITY = "iPhone Developer";
				COPY_PHASE_STRIP = NO;
				CURRENT_PROJECT_VERSION = 1;
				DEBUG_INFORMATION_FORMAT = dwarf;
				ENABLE_STRICT_OBJC_MSGSEND = YES;
				ENABLE_TESTABILITY = YES;
				GCC_C_LANGUAGE_STANDARD = gnu11;
				GCC_DYNAMIC_NO_PIC = NO;
				GCC_NO_COMMON_BLOCKS = YES;
				GCC_OPTIMIZATION_LEVEL = 0;
				GCC_PREPROCESSOR_DEFINITIONS = (
					"DEBUG=1",
					"$(inherited)",
				);
				GCC_WARN_64_TO_32_BIT_CONVERSION = YES;
				GCC_WARN_ABOUT_RETURN_TYPE = YES_ERROR;
				GCC_WARN_UNDECLARED_SELECTOR = YES;
				GCC_WARN_UNINITIALIZED_AUTOS = YES_AGGRESSIVE;
				GCC_WARN_UNUSED_FUNCTION = YES;
				GCC_WARN_UNUSED_VARIABLE = YES;
				IPHONEOS_DEPLOYMENT_TARGET = 12.1;
				MTL_ENABLE_DEBUG_INFO = INCLUDE_SOURCE;
				MTL_FAST_MATH = YES;
				ONLY_ACTIVE_ARCH = YES;
				SDKROOT = iphoneos;
				SWIFT_ACTIVE_COMPILATION_CONDITIONS = DEBUG;
				SWIFT_OPTIMIZATION_LEVEL = "-Onone";
				VERSIONING_SYSTEM = "apple-generic";
				VERSION_INFO_PREFIX = "";
			};
			name = Debug;
		};
		77CE333221F550E2006ADABA /* Release */ = {
			isa = XCBuildConfiguration;
			buildSettings = {
				ALWAYS_SEARCH_USER_PATHS = NO;
				CLANG_ANALYZER_NONNULL = YES;
				CLANG_ANALYZER_NUMBER_OBJECT_CONVERSION = YES_AGGRESSIVE;
				CLANG_CXX_LANGUAGE_STANDARD = "gnu++14";
				CLANG_CXX_LIBRARY = "libc++";
				CLANG_ENABLE_MODULES = YES;
				CLANG_ENABLE_OBJC_ARC = YES;
				CLANG_ENABLE_OBJC_WEAK = YES;
				CLANG_WARN_BLOCK_CAPTURE_AUTORELEASING = YES;
				CLANG_WARN_BOOL_CONVERSION = YES;
				CLANG_WARN_COMMA = YES;
				CLANG_WARN_CONSTANT_CONVERSION = YES;
				CLANG_WARN_DEPRECATED_OBJC_IMPLEMENTATIONS = YES;
				CLANG_WARN_DIRECT_OBJC_ISA_USAGE = YES_ERROR;
				CLANG_WARN_DOCUMENTATION_COMMENTS = YES;
				CLANG_WARN_EMPTY_BODY = YES;
				CLANG_WARN_ENUM_CONVERSION = YES;
				CLANG_WARN_INFINITE_RECURSION = YES;
				CLANG_WARN_INT_CONVERSION = YES;
				CLANG_WARN_NON_LITERAL_NULL_CONVERSION = YES;
				CLANG_WARN_OBJC_IMPLICIT_RETAIN_SELF = YES;
				CLANG_WARN_OBJC_LITERAL_CONVERSION = YES;
				CLANG_WARN_OBJC_ROOT_CLASS = YES_ERROR;
				CLANG_WARN_RANGE_LOOP_ANALYSIS = YES;
				CLANG_WARN_STRICT_PROTOTYPES = YES;
				CLANG_WARN_SUSPICIOUS_MOVE = YES;
				CLANG_WARN_UNGUARDED_AVAILABILITY = YES_AGGRESSIVE;
				CLANG_WARN_UNREACHABLE_CODE = YES;
				CLANG_WARN__DUPLICATE_METHOD_MATCH = YES;
				CODE_SIGN_IDENTITY = "iPhone Developer";
				COPY_PHASE_STRIP = NO;
				CURRENT_PROJECT_VERSION = 1;
				DEBUG_INFORMATION_FORMAT = "dwarf-with-dsym";
				ENABLE_NS_ASSERTIONS = NO;
				ENABLE_STRICT_OBJC_MSGSEND = YES;
				GCC_C_LANGUAGE_STANDARD = gnu11;
				GCC_NO_COMMON_BLOCKS = YES;
				GCC_WARN_64_TO_32_BIT_CONVERSION = YES;
				GCC_WARN_ABOUT_RETURN_TYPE = YES_ERROR;
				GCC_WARN_UNDECLARED_SELECTOR = YES;
				GCC_WARN_UNINITIALIZED_AUTOS = YES_AGGRESSIVE;
				GCC_WARN_UNUSED_FUNCTION = YES;
				GCC_WARN_UNUSED_VARIABLE = YES;
				IPHONEOS_DEPLOYMENT_TARGET = 12.1;
				MTL_ENABLE_DEBUG_INFO = NO;
				MTL_FAST_MATH = YES;
				SDKROOT = iphoneos;
				SWIFT_COMPILATION_MODE = wholemodule;
				SWIFT_OPTIMIZATION_LEVEL = "-O";
				VALIDATE_PRODUCT = YES;
				VERSIONING_SYSTEM = "apple-generic";
				VERSION_INFO_PREFIX = "";
			};
			name = Release;
		};
		77CE333421F550E2006ADABA /* Debug */ = {
			isa = XCBuildConfiguration;
			buildSettings = {
				CODE_SIGN_IDENTITY = "";
				CODE_SIGN_STYLE = Automatic;
				DEFINES_MODULE = YES;
				DEVELOPMENT_TEAM = 6F6VXZUKN5;
				DYLIB_COMPATIBILITY_VERSION = 1;
				DYLIB_CURRENT_VERSION = 1;
				DYLIB_INSTALL_NAME_BASE = "@rpath";
				FRAMEWORK_SEARCH_PATHS = (
					"$(inherited)",
					"$(PROJECT_DIR)/Carthage/Build/iOS",
				);
				INFOPLIST_FILE = TezosKit/Info.plist;
				INSTALL_PATH = "$(LOCAL_LIBRARY_DIR)/Frameworks";
				IPHONEOS_DEPLOYMENT_TARGET = 11.0;
				LD_RUNPATH_SEARCH_PATHS = (
					"$(inherited)",
					"@executable_path/Frameworks",
					"@loader_path/Frameworks",
				);
				PRODUCT_BUNDLE_IDENTIFIER = com.keefertaylor.TezosKit;
				PRODUCT_NAME = "$(TARGET_NAME:c99extidentifier)";
				SKIP_INSTALL = YES;
				SWIFT_VERSION = 4.2;
				TARGETED_DEVICE_FAMILY = "1,2";
			};
			name = Debug;
		};
		77CE333521F550E2006ADABA /* Release */ = {
			isa = XCBuildConfiguration;
			buildSettings = {
				CODE_SIGN_IDENTITY = "";
				CODE_SIGN_STYLE = Automatic;
				DEFINES_MODULE = YES;
				DEVELOPMENT_TEAM = 6F6VXZUKN5;
				DYLIB_COMPATIBILITY_VERSION = 1;
				DYLIB_CURRENT_VERSION = 1;
				DYLIB_INSTALL_NAME_BASE = "@rpath";
				FRAMEWORK_SEARCH_PATHS = (
					"$(inherited)",
					"$(PROJECT_DIR)/Carthage/Build/iOS",
				);
				INFOPLIST_FILE = TezosKit/Info.plist;
				INSTALL_PATH = "$(LOCAL_LIBRARY_DIR)/Frameworks";
				IPHONEOS_DEPLOYMENT_TARGET = 11.0;
				LD_RUNPATH_SEARCH_PATHS = (
					"$(inherited)",
					"@executable_path/Frameworks",
					"@loader_path/Frameworks",
				);
				PRODUCT_BUNDLE_IDENTIFIER = com.keefertaylor.TezosKit;
				PRODUCT_NAME = "$(TARGET_NAME:c99extidentifier)";
				SKIP_INSTALL = YES;
				SWIFT_VERSION = 4.2;
				TARGETED_DEVICE_FAMILY = "1,2";
			};
			name = Release;
		};
		77CE350521F6A5BE006ADABA /* Debug */ = {
			isa = XCBuildConfiguration;
			buildSettings = {
				CODE_SIGN_STYLE = Automatic;
				DEVELOPMENT_TEAM = 6F6VXZUKN5;
				INFOPLIST_FILE = Tests/Info.plist;
				LD_RUNPATH_SEARCH_PATHS = (
					"$(inherited)",
					"@executable_path/Frameworks",
					"@loader_path/Frameworks",
				);
				PRODUCT_BUNDLE_IDENTIFIER = com.keefertaylor.TezosKitTests;
				PRODUCT_NAME = "$(TARGET_NAME)";
				SWIFT_VERSION = 4.2;
				TARGETED_DEVICE_FAMILY = "1,2";
			};
			name = Debug;
		};
		77CE350621F6A5BE006ADABA /* Release */ = {
			isa = XCBuildConfiguration;
			buildSettings = {
				CODE_SIGN_STYLE = Automatic;
				DEVELOPMENT_TEAM = 6F6VXZUKN5;
				INFOPLIST_FILE = Tests/Info.plist;
				LD_RUNPATH_SEARCH_PATHS = (
					"$(inherited)",
					"@executable_path/Frameworks",
					"@loader_path/Frameworks",
				);
				PRODUCT_BUNDLE_IDENTIFIER = com.keefertaylor.TezosKitTests;
				PRODUCT_NAME = "$(TARGET_NAME)";
				SWIFT_VERSION = 4.2;
				TARGETED_DEVICE_FAMILY = "1,2";
			};
			name = Release;
		};
/* End XCBuildConfiguration section */

/* Begin XCConfigurationList section */
		77CE331921F550E2006ADABA /* Build configuration list for PBXProject "TezosKit" */ = {
			isa = XCConfigurationList;
			buildConfigurations = (
				77CE333121F550E2006ADABA /* Debug */,
				77CE333221F550E2006ADABA /* Release */,
			);
			defaultConfigurationIsVisible = 0;
			defaultConfigurationName = Release;
		};
		77CE333321F550E2006ADABA /* Build configuration list for PBXNativeTarget "TezosKit" */ = {
			isa = XCConfigurationList;
			buildConfigurations = (
				77CE333421F550E2006ADABA /* Debug */,
				77CE333521F550E2006ADABA /* Release */,
			);
			defaultConfigurationIsVisible = 0;
			defaultConfigurationName = Release;
		};
		77CE350421F6A5BE006ADABA /* Build configuration list for PBXNativeTarget "TezosKitTests" */ = {
			isa = XCConfigurationList;
			buildConfigurations = (
				77CE350521F6A5BE006ADABA /* Debug */,
				77CE350621F6A5BE006ADABA /* Release */,
			);
			defaultConfigurationIsVisible = 0;
			defaultConfigurationName = Release;
		};
/* End XCConfigurationList section */
	};
	rootObject = 77CE331621F550E2006ADABA /* Project object */;
}
